
Microsoft Visual Studio Solution File, Format Version 12.00
# Visual Studio Version 16
VisualStudioVersion = 16.0.30114.105
MinimumVisualStudioVersion = 10.0.40219.1
Project("{FAE04EC0-301F-11D3-BF4B-00C04F79EFBC}") = "EasyOpc.WinService", "EasyOpc.WinService\EasyOpc.WinService.csproj", "{3E607D19-7A8F-44A3-B49F-46CA9C6791B4}"
	ProjectSection(ProjectDependencies) = postProject
		{DF79100C-09FE-4368-86AD-6D87F1C65967} = {DF79100C-09FE-4368-86AD-6D87F1C65967}
		{B4A0651E-BF80-425B-8918-D04076FE681F} = {B4A0651E-BF80-425B-8918-D04076FE681F}
		{EE13D12C-8EDD-4946-885C-55F4029E7D87} = {EE13D12C-8EDD-4946-885C-55F4029E7D87}
		{E74C293B-B709-4514-8289-3341EC70C053} = {E74C293B-B709-4514-8289-3341EC70C053}
		{AC9B0F4F-6362-4434-AEC4-2A2E01DA32E6} = {AC9B0F4F-6362-4434-AEC4-2A2E01DA32E6}
		{D0EF547B-C437-4E6A-B332-2F63789D5AAB} = {D0EF547B-C437-4E6A-B332-2F63789D5AAB}
		{75961F85-3A94-40A3-9B80-9574D053CE4B} = {75961F85-3A94-40A3-9B80-9574D053CE4B}
		{B6EB6BA9-41A3-4621-9556-6996717480E9} = {B6EB6BA9-41A3-4621-9556-6996717480E9}
		{5F7BE8B2-6931-418E-AC0E-44E99F97B2CB} = {5F7BE8B2-6931-418E-AC0E-44E99F97B2CB}
		{983244BB-3306-4B28-94F7-D2879A98DF01} = {983244BB-3306-4B28-94F7-D2879A98DF01}
		{548AB2BD-3DB7-4745-819C-1EA0A2575FB4} = {548AB2BD-3DB7-4745-819C-1EA0A2575FB4}
		{4BF30EC4-A75E-4BC9-8D3F-85B694F5C722} = {4BF30EC4-A75E-4BC9-8D3F-85B694F5C722}
		{9207A7F1-DE32-483D-BD12-BF96DD6BBCAE} = {9207A7F1-DE32-483D-BD12-BF96DD6BBCAE}
		{1A13FBF4-5532-4D9F-8B48-C0DE3E6E6602} = {1A13FBF4-5532-4D9F-8B48-C0DE3E6E6602}
	EndProjectSection
EndProject
Project("{2150E333-8FDC-42A3-9474-1A3956D46DE8}") = "EasyOpc.WinService.Core", "EasyOpc.WinService.Core", "{FBEFD340-7BE2-4A7B-BE2C-16638B08C739}"
EndProject
Project("{2150E333-8FDC-42A3-9474-1A3956D46DE8}") = "EasyOpc.WinService.Modules", "EasyOpc.WinService.Modules", "{9D16D704-B0D2-493D-AECE-B13C3E05AE6F}"
EndProject
Project("{2150E333-8FDC-42A3-9474-1A3956D46DE8}") = "Opc", "Opc", "{849327E7-5137-478C-A757-5B39774E0CB5}"
EndProject
Project("{FAE04EC0-301F-11D3-BF4B-00C04F79EFBC}") = "EasyOpc.WinService.Modules.Opc.Repository", "EasyOpc.WinService.Modules\Opc\EasyOpc.WinService.Modules.Opc.Repository\EasyOpc.WinService.Modules.Opc.Repository.csproj", "{75961F85-3A94-40A3-9B80-9574D053CE4B}"
EndProject
Project("{FAE04EC0-301F-11D3-BF4B-00C04F79EFBC}") = "EasyOpc.WinService.Modules.Opc.Repository.Contract", "EasyOpc.WinService.Modules\Opc\EasyOpc.WinService.Modules.Opc.Repository.Contract\EasyOpc.WinService.Modules.Opc.Repository.Contract.csproj", "{1A13FBF4-5532-4D9F-8B48-C0DE3E6E6602}"
EndProject
Project("{2150E333-8FDC-42A3-9474-1A3956D46DE8}") = "Setting", "Setting", "{F6156D1B-A515-4F9C-BF97-9C45DB9C7BB6}"
EndProject
Project("{FAE04EC0-301F-11D3-BF4B-00C04F79EFBC}") = "EasyOpc.WinService.Modules.Setting.Repository", "EasyOpc.WinService.Modules\Setting\EasyOpc.WinService.Modules.Setting.Repository\EasyOpc.WinService.Modules.Setting.Repository.csproj", "{548AB2BD-3DB7-4745-819C-1EA0A2575FB4}"
EndProject
Project("{FAE04EC0-301F-11D3-BF4B-00C04F79EFBC}") = "EasyOpc.WinService.Modules.Setting.Repository.Contract", "EasyOpc.WinService.Modules\Setting\EasyOpc.WinService.Modules.Setting.Repository.Contract\EasyOpc.WinService.Modules.Setting.Repository.Contract.csproj", "{D0EF547B-C437-4E6A-B332-2F63789D5AAB}"
EndProject
Project("{2150E333-8FDC-42A3-9474-1A3956D46DE8}") = "EasyOpc.Common", "EasyOpc.Common", "{C774167F-56C7-423D-8D22-267D76EF10C8}"
EndProject
Project("{FAE04EC0-301F-11D3-BF4B-00C04F79EFBC}") = "EasyOpc.Common.Extension", "EasyOpc.Common\EasyOpc.Common.Extension\EasyOpc.Common.Extension.csproj", "{9207A7F1-DE32-483D-BD12-BF96DD6BBCAE}"
EndProject
Project("{FAE04EC0-301F-11D3-BF4B-00C04F79EFBC}") = "EasyOpc.WinService.Core.Logger", "EasyOpc.WinService.Core\EasyOpc.WinService.Core.Logger\EasyOpc.WinService.Core.Logger.csproj", "{493473B5-5364-4A2A-BEF0-073E571858DB}"
EndProject
Project("{FAE04EC0-301F-11D3-BF4B-00C04F79EFBC}") = "EasyOpc.WinService.Core.Logger.Contract", "EasyOpc.WinService.Core\EasyOpc.WinService.Core.Logger.Contract\EasyOpc.WinService.Core.Logger.Contract.csproj", "{BBAB743C-D9D4-4415-A143-83EE82F72F9F}"
EndProject
Project("{FAE04EC0-301F-11D3-BF4B-00C04F79EFBC}") = "EasyOpc.WinService.Core.Repository.Base", "EasyOpc.WinService.Core\EasyOpc.WinService.Core.Repository.Base\EasyOpc.WinService.Core.Repository.Base.csproj", "{E74C293B-B709-4514-8289-3341EC70C053}"
EndProject
Project("{FAE04EC0-301F-11D3-BF4B-00C04F79EFBC}") = "EasyOpc.WinService.Core.Configuration", "EasyOpc.WinService.Core\EasyOpc.WinService.Core.Configuration\EasyOpc.WinService.Core.Configuration.csproj", "{A4A2BF35-92A0-4B23-8A40-FBF9A7E5BBEF}"
EndProject
Project("{FAE04EC0-301F-11D3-BF4B-00C04F79EFBC}") = "EasyOpc.WinService.Core.Configuration.Contract", "EasyOpc.WinService.Core\EasyOpc.WinService.Core.Configuration.Contract\EasyOpc.WinService.Core.Configuration.Contract.csproj", "{C99F41BD-2AEE-4539-9EEE-A71AA5DBC8BD}"
EndProject
Project("{FAE04EC0-301F-11D3-BF4B-00C04F79EFBC}") = "EasyOpc.WinService.Core.Service.Base", "EasyOpc.WinService.Core\EasyOpc.WinService.Core.Service.Base\EasyOpc.WinService.Core.Service.Base.csproj", "{75B850CB-E05E-402D-B291-D6CAA8E9F215}"
EndProject
Project("{FAE04EC0-301F-11D3-BF4B-00C04F79EFBC}") = "EasyOpc.WinService.Modules.Opc.Service", "EasyOpc.WinService.Modules\Opc\EasyOpc.WinService.Modules.Opc.Service\EasyOpc.WinService.Modules.Opc.Service.csproj", "{EE13D12C-8EDD-4946-885C-55F4029E7D87}"
EndProject
Project("{FAE04EC0-301F-11D3-BF4B-00C04F79EFBC}") = "EasyOpc.Common.Constant", "EasyOpc.Common\EasyOpc.Common.Constant\EasyOpc.Common.Constant.csproj", "{4F233B46-8507-4282-B378-76BC22E29F56}"
EndProject
Project("{D954291E-2A0B-460D-934E-DC6B0785DB48}") = "EasyOpc.Doc", "EasyOpc.Doc\EasyOpc.Doc.shproj", "{C0CACFEC-DC98-4C17-8AB2-7D79F7F5EADB}"
EndProject
Project("{FAE04EC0-301F-11D3-BF4B-00C04F79EFBC}") = "EasyOpc.WinService.Modules.Setting.Service", "EasyOpc.WinService.Modules\Setting\EasyOpc.WinService.Modules.Setting.Service\EasyOpc.WinService.Modules.Setting.Service.csproj", "{5F7BE8B2-6931-418E-AC0E-44E99F97B2CB}"
EndProject
Project("{2150E333-8FDC-42A3-9474-1A3956D46DE8}") = "Work", "Work", "{017AA33F-B4F1-4616-9B64-F7663E5568D3}"
EndProject
Project("{FAE04EC0-301F-11D3-BF4B-00C04F79EFBC}") = "EasyOpc.WinService.Modules.Work.Repository", "EasyOpc.WinService.Modules\Work\EasyOpc.WinService.Modules.Work.Repository\EasyOpc.WinService.Modules.Work.Repository.csproj", "{4BF30EC4-A75E-4BC9-8D3F-85B694F5C722}"
EndProject
Project("{FAE04EC0-301F-11D3-BF4B-00C04F79EFBC}") = "EasyOpc.WinService.Modules.Work.Repository.Contract", "EasyOpc.WinService.Modules\Work\EasyOpc.WinService.Modules.Work.Repository.Contract\EasyOpc.WinService.Modules.Work.Repository.Contract.csproj", "{B6EB6BA9-41A3-4621-9556-6996717480E9}"
EndProject
Project("{FAE04EC0-301F-11D3-BF4B-00C04F79EFBC}") = "EasyOpc.WinService.Modules.Work.Service", "EasyOpc.WinService.Modules\Work\EasyOpc.WinService.Modules.Work.Service\EasyOpc.WinService.Modules.Work.Service.csproj", "{DF79100C-09FE-4368-86AD-6D87F1C65967}"
EndProject
Project("{FAE04EC0-301F-11D3-BF4B-00C04F79EFBC}") = "EasyOpc.WinService.Modules.Opc.Service.Contract", "EasyOpc.WinService.Modules\Opc\EasyOpc.WinService.Modules.Opc.Service.Contract\EasyOpc.WinService.Modules.Opc.Service.Contract.csproj", "{86B8B12A-C4B0-43D3-B7ED-EF15D17BF051}"
EndProject
Project("{FAE04EC0-301F-11D3-BF4B-00C04F79EFBC}") = "EasyOpc.WinService.Modules.Setting.Service.Contract", "EasyOpc.WinService.Modules\Setting\EasyOpc.WinService.Modules.Setting.Service.Contract\EasyOpc.WinService.Modules.Setting.Service.Contract.csproj", "{6283CDC4-20C0-4515-850D-9EDA52D60E0E}"
EndProject
Project("{FAE04EC0-301F-11D3-BF4B-00C04F79EFBC}") = "EasyOpc.WinService.Modules.Work.Service.Contract", "EasyOpc.WinService.Modules\Work\EasyOpc.WinService.Modules.Work.Service.Contract\EasyOpc.WinService.Modules.Work.Service.Contract.csproj", "{39958A18-4AB7-4C09-9F9F-0BB7D8337B4B}"
EndProject
Project("{FAE04EC0-301F-11D3-BF4B-00C04F79EFBC}") = "EasyOpc.WinService.Core.Worker.Contract", "EasyOpc.WinService.Core\EasyOpc.WinService.Core.Worker.Contract\EasyOpc.WinService.Core.Worker.Contract.csproj", "{366B7520-DFF0-48F9-BB08-A02D0AD78612}"
EndProject
Project("{FAE04EC0-301F-11D3-BF4B-00C04F79EFBC}") = "EasyOpc.WinService.Core.Worker.Base", "EasyOpc.WinService.Core\EasyOpc.WinService.Core.Worker.Base\EasyOpc.WinService.Core.Worker.Base.csproj", "{983244BB-3306-4B28-94F7-D2879A98DF01}"
EndProject
Project("{2150E333-8FDC-42A3-9474-1A3956D46DE8}") = "Workers", "Workers", "{748FE335-7271-490D-ABFC-1A8CE0F0A346}"
EndProject
Project("{FAE04EC0-301F-11D3-BF4B-00C04F79EFBC}") = "EasyOpc.WinService.Modules.Opc.Workers.History", "EasyOpc.WinService.Modules\Opc\Workers\EasyOpc.WinService.Modules.Opc.Workers.History\EasyOpc.WinService.Modules.Opc.Workers.History.csproj", "{AC9B0F4F-6362-4434-AEC4-2A2E01DA32E6}"
EndProject
Project("{FAE04EC0-301F-11D3-BF4B-00C04F79EFBC}") = "EasyOpc.WinService.Modules.Opc.Workers.Export", "EasyOpc.WinService.Modules\Opc\Workers\EasyOpc.WinService.Modules.Opc.Workers.Export\EasyOpc.WinService.Modules.Opc.Workers.Export.csproj", "{B4A0651E-BF80-425B-8918-D04076FE681F}"
EndProject
Project("{2150E333-8FDC-42A3-9474-1A3956D46DE8}") = "Connectors", "Connectors", "{A7B6FEA0-1D28-483B-B9F9-DF09B087359C}"
EndProject
Project("{FAE04EC0-301F-11D3-BF4B-00C04F79EFBC}") = "EasyOpc.WinService.Modules.Opc.Connectors", "EasyOpc.WinService.Modules\Opc\Connectors\EasyOpc.WinService.Modules.Opc.Connectors\EasyOpc.WinService.Modules.Opc.Connectors.csproj", "{74FDFD51-2F52-498C-8350-906BC81DE2CB}"
EndProject
Project("{FAE04EC0-301F-11D3-BF4B-00C04F79EFBC}") = "EasyOpc.WinService.Modules.Opc.Connectors.Contract", "EasyOpc.WinService.Modules\Opc\Connectors\EasyOpc.WinService.Modules.Opc.Connectors.Contract\EasyOpc.WinService.Modules.Opc.Connectors.Contract.csproj", "{07B63BA5-133F-4EC8-BCC6-2426EAB20D89}"
EndProject
Project("{FAE04EC0-301F-11D3-BF4B-00C04F79EFBC}") = "EasyOpc.WinService.Modules.Opc.Connectors.Da", "EasyOpc.WinService.Modules\Opc\Connectors\EasyOpc.WinService.Modules.Opc.Connectors.Da\EasyOpc.WinService.Modules.Opc.Connectors.Da.csproj", "{1F714D5D-4877-4153-96B8-ADB539117A0F}"
EndProject
Project("{FAE04EC0-301F-11D3-BF4B-00C04F79EFBC}") = "EasyOpc.WinService.Modules.Opc.Connectors.Ua", "EasyOpc.WinService.Modules\Opc\Connectors\EasyOpc.WinService.Modules.Opc.Connectors.Ua\EasyOpc.WinService.Modules.Opc.Connectors.Ua.csproj", "{313B3AC5-F7C5-4952-8EFA-57020F6CA18E}"
EndProject
Project("{2150E333-8FDC-42A3-9474-1A3956D46DE8}") = "EasyOpc.Contracts", "EasyOpc.Contracts", "{8A2CF943-5013-405A-98A9-77AEB3F3B643}"
EndProject
Project("{FAE04EC0-301F-11D3-BF4B-00C04F79EFBC}") = "EasyOpc.Contracts.Base", "EasyOpc.Contracts\EasyOpc.Contracts.Base\EasyOpc.Contracts.Base.csproj", "{F24185F1-9849-4F4D-8288-D12560B0A03E}"
EndProject
Project("{FAE04EC0-301F-11D3-BF4B-00C04F79EFBC}") = "EasyOpc.Contracts.Opc", "EasyOpc.Contracts\EasyOpc.Contracts.Opc\EasyOpc.Contracts.Opc.csproj", "{48AFB49A-7C09-43F4-9AF7-546841941A4C}"
EndProject
Project("{FAE04EC0-301F-11D3-BF4B-00C04F79EFBC}") = "EasyOpc.Contracts.Settings", "EasyOpc.Contracts\EasyOpc.Contracts.Settings\EasyOpc.Contracts.Settings.csproj", "{047EB886-99A6-4F64-8504-D08F854329F6}"
EndProject
Project("{FAE04EC0-301F-11D3-BF4B-00C04F79EFBC}") = "EasyOpc.Contracts.Works", "EasyOpc.Contracts\EasyOpc.Contracts.Works\EasyOpc.Contracts.Works.csproj", "{466865AD-5C70-4FBC-9B68-A0BB52DEE86E}"
EndProject
Project("{FAE04EC0-301F-11D3-BF4B-00C04F79EFBC}") = "EasyOpc.Common.Opc", "EasyOpc.Common\EasyOpc.Common.Opc\EasyOpc.Common.Opc.csproj", "{C6EA1D1A-D831-414B-8E11-5806DC2BC927}"
EndProject
Project("{FAE04EC0-301F-11D3-BF4B-00C04F79EFBC}") = "EasyOpc.Common.Types", "EasyOpc.Common\EasyOpc.Common.Types\EasyOpc.Common.Types.csproj", "{3BBF7140-6C8A-4314-AA50-3FB871A33EB1}"
EndProject
Project("{FAE04EC0-301F-11D3-BF4B-00C04F79EFBC}") = "EasyOpc.WinService.Modules.Opc.Repository.Model", "EasyOpc.WinService.Modules\Opc\EasyOpc.WinService.Modules.Opc.Repository.Model\EasyOpc.WinService.Modules.Opc.Repository.Model.csproj", "{48E802D7-56E9-4C4A-8B50-FC95E1457CB9}"
EndProject
Project("{FAE04EC0-301F-11D3-BF4B-00C04F79EFBC}") = "EasyOpc.WinService.Core.Repository.Model", "EasyOpc.WinService.Core\EasyOpc.WinService.Core.Repository.Model\EasyOpc.WinService.Core.Repository.Model.csproj", "{E224C25C-D0A6-4F2A-8416-1901FA9A74E7}"
EndProject
Project("{FAE04EC0-301F-11D3-BF4B-00C04F79EFBC}") = "EasyOpc.WinService.Modules.Opc.Service.Model", "EasyOpc.WinService.Modules\Opc\EasyOpc.WinService.Modules.Opc.Service.Model\EasyOpc.WinService.Modules.Opc.Service.Model.csproj", "{0A0F2ACA-C288-4EEA-8F6D-2B8A87E15CE6}"
EndProject
Project("{FAE04EC0-301F-11D3-BF4B-00C04F79EFBC}") = "EasyOpc.WinService.Modules.Setting.Repository.Model", "EasyOpc.WinService.Modules\Setting\EasyOpc.WinService.Modules.Setting.Repository.Model\EasyOpc.WinService.Modules.Setting.Repository.Model.csproj", "{2915744D-7FED-4EC1-9F04-64540A3C9C2B}"
EndProject
Project("{FAE04EC0-301F-11D3-BF4B-00C04F79EFBC}") = "EasyOpc.WinService.Modules.Setting.Service.Model", "EasyOpc.WinService.Modules\Setting\EasyOpc.WinService.Modules.Setting.Service.Model\EasyOpc.WinService.Modules.Setting.Service.Model.csproj", "{C6DD8BBD-39CF-46E8-96D3-C0CEF0AFCB5E}"
EndProject
Project("{FAE04EC0-301F-11D3-BF4B-00C04F79EFBC}") = "EasyOpc.WinService.Modules.Work.Repository.Model", "EasyOpc.WinService.Modules\Work\EasyOpc.WinService.Modules.Work.Repository.Model\EasyOpc.WinService.Modules.Work.Repository.Model.csproj", "{2C35BF53-07B6-466C-9438-F491EC491DA0}"
EndProject
Project("{FAE04EC0-301F-11D3-BF4B-00C04F79EFBC}") = "EasyOpc.WinService.Core.Worker.Model", "EasyOpc.WinService.Core\EasyOpc.WinService.Core.Worker.Model\EasyOpc.WinService.Core.Worker.Model.csproj", "{BC988D10-37B2-428C-B49C-5DD1815CE654}"
EndProject
Global
	GlobalSection(SharedMSBuildProjectFiles) = preSolution
		EasyOpc.Doc\EasyOpc.Doc.projitems*{c0cacfec-dc98-4c17-8ab2-7d79f7f5eadb}*SharedItemsImports = 13
	EndGlobalSection
	GlobalSection(SolutionConfigurationPlatforms) = preSolution
		Debug|Any CPU = Debug|Any CPU
		Debug|x64 = Debug|x64
		Debug|x86 = Debug|x86
		Release|Any CPU = Release|Any CPU
		Release|x64 = Release|x64
		Release|x86 = Release|x86
	EndGlobalSection
	GlobalSection(ProjectConfigurationPlatforms) = postSolution
		{3E607D19-7A8F-44A3-B49F-46CA9C6791B4}.Debug|Any CPU.ActiveCfg = Debug|Any CPU
		{3E607D19-7A8F-44A3-B49F-46CA9C6791B4}.Debug|Any CPU.Build.0 = Debug|Any CPU
		{3E607D19-7A8F-44A3-B49F-46CA9C6791B4}.Debug|x64.ActiveCfg = Debug|x64
		{3E607D19-7A8F-44A3-B49F-46CA9C6791B4}.Debug|x64.Build.0 = Debug|x64
		{3E607D19-7A8F-44A3-B49F-46CA9C6791B4}.Debug|x86.ActiveCfg = Debug|x86
		{3E607D19-7A8F-44A3-B49F-46CA9C6791B4}.Debug|x86.Build.0 = Debug|x86
		{3E607D19-7A8F-44A3-B49F-46CA9C6791B4}.Release|Any CPU.ActiveCfg = Release|Any CPU
		{3E607D19-7A8F-44A3-B49F-46CA9C6791B4}.Release|Any CPU.Build.0 = Release|Any CPU
		{3E607D19-7A8F-44A3-B49F-46CA9C6791B4}.Release|x64.ActiveCfg = Release|x64
		{3E607D19-7A8F-44A3-B49F-46CA9C6791B4}.Release|x64.Build.0 = Release|x64
		{3E607D19-7A8F-44A3-B49F-46CA9C6791B4}.Release|x86.ActiveCfg = Release|x86
		{3E607D19-7A8F-44A3-B49F-46CA9C6791B4}.Release|x86.Build.0 = Release|x86
		{75961F85-3A94-40A3-9B80-9574D053CE4B}.Debug|Any CPU.ActiveCfg = Debug|Any CPU
		{75961F85-3A94-40A3-9B80-9574D053CE4B}.Debug|Any CPU.Build.0 = Debug|Any CPU
		{75961F85-3A94-40A3-9B80-9574D053CE4B}.Debug|x64.ActiveCfg = Debug|x64
		{75961F85-3A94-40A3-9B80-9574D053CE4B}.Debug|x64.Build.0 = Debug|x64
		{75961F85-3A94-40A3-9B80-9574D053CE4B}.Debug|x86.ActiveCfg = Debug|x86
		{75961F85-3A94-40A3-9B80-9574D053CE4B}.Debug|x86.Build.0 = Debug|x86
		{75961F85-3A94-40A3-9B80-9574D053CE4B}.Release|Any CPU.ActiveCfg = Release|Any CPU
		{75961F85-3A94-40A3-9B80-9574D053CE4B}.Release|Any CPU.Build.0 = Release|Any CPU
		{75961F85-3A94-40A3-9B80-9574D053CE4B}.Release|x64.ActiveCfg = Release|x64
		{75961F85-3A94-40A3-9B80-9574D053CE4B}.Release|x64.Build.0 = Release|x64
		{75961F85-3A94-40A3-9B80-9574D053CE4B}.Release|x86.ActiveCfg = Release|x86
		{75961F85-3A94-40A3-9B80-9574D053CE4B}.Release|x86.Build.0 = Release|x86
		{1A13FBF4-5532-4D9F-8B48-C0DE3E6E6602}.Debug|Any CPU.ActiveCfg = Debug|Any CPU
		{1A13FBF4-5532-4D9F-8B48-C0DE3E6E6602}.Debug|Any CPU.Build.0 = Debug|Any CPU
		{1A13FBF4-5532-4D9F-8B48-C0DE3E6E6602}.Debug|x64.ActiveCfg = Debug|x64
		{1A13FBF4-5532-4D9F-8B48-C0DE3E6E6602}.Debug|x64.Build.0 = Debug|x64
		{1A13FBF4-5532-4D9F-8B48-C0DE3E6E6602}.Debug|x86.ActiveCfg = Debug|x86
		{1A13FBF4-5532-4D9F-8B48-C0DE3E6E6602}.Debug|x86.Build.0 = Debug|x86
		{1A13FBF4-5532-4D9F-8B48-C0DE3E6E6602}.Release|Any CPU.ActiveCfg = Release|Any CPU
		{1A13FBF4-5532-4D9F-8B48-C0DE3E6E6602}.Release|Any CPU.Build.0 = Release|Any CPU
		{1A13FBF4-5532-4D9F-8B48-C0DE3E6E6602}.Release|x64.ActiveCfg = Release|x64
		{1A13FBF4-5532-4D9F-8B48-C0DE3E6E6602}.Release|x64.Build.0 = Release|x64
		{1A13FBF4-5532-4D9F-8B48-C0DE3E6E6602}.Release|x86.ActiveCfg = Release|x86
		{1A13FBF4-5532-4D9F-8B48-C0DE3E6E6602}.Release|x86.Build.0 = Release|x86
		{548AB2BD-3DB7-4745-819C-1EA0A2575FB4}.Debug|Any CPU.ActiveCfg = Debug|Any CPU
		{548AB2BD-3DB7-4745-819C-1EA0A2575FB4}.Debug|Any CPU.Build.0 = Debug|Any CPU
		{548AB2BD-3DB7-4745-819C-1EA0A2575FB4}.Debug|x64.ActiveCfg = Debug|x64
		{548AB2BD-3DB7-4745-819C-1EA0A2575FB4}.Debug|x64.Build.0 = Debug|x64
		{548AB2BD-3DB7-4745-819C-1EA0A2575FB4}.Debug|x86.ActiveCfg = Debug|x86
		{548AB2BD-3DB7-4745-819C-1EA0A2575FB4}.Debug|x86.Build.0 = Debug|x86
		{548AB2BD-3DB7-4745-819C-1EA0A2575FB4}.Release|Any CPU.ActiveCfg = Release|Any CPU
		{548AB2BD-3DB7-4745-819C-1EA0A2575FB4}.Release|Any CPU.Build.0 = Release|Any CPU
		{548AB2BD-3DB7-4745-819C-1EA0A2575FB4}.Release|x64.ActiveCfg = Release|x64
		{548AB2BD-3DB7-4745-819C-1EA0A2575FB4}.Release|x64.Build.0 = Release|x64
		{548AB2BD-3DB7-4745-819C-1EA0A2575FB4}.Release|x86.ActiveCfg = Release|x86
		{548AB2BD-3DB7-4745-819C-1EA0A2575FB4}.Release|x86.Build.0 = Release|x86
		{D0EF547B-C437-4E6A-B332-2F63789D5AAB}.Debug|Any CPU.ActiveCfg = Debug|Any CPU
		{D0EF547B-C437-4E6A-B332-2F63789D5AAB}.Debug|Any CPU.Build.0 = Debug|Any CPU
		{D0EF547B-C437-4E6A-B332-2F63789D5AAB}.Debug|x64.ActiveCfg = Debug|x64
		{D0EF547B-C437-4E6A-B332-2F63789D5AAB}.Debug|x64.Build.0 = Debug|x64
		{D0EF547B-C437-4E6A-B332-2F63789D5AAB}.Debug|x86.ActiveCfg = Debug|x86
		{D0EF547B-C437-4E6A-B332-2F63789D5AAB}.Debug|x86.Build.0 = Debug|x86
		{D0EF547B-C437-4E6A-B332-2F63789D5AAB}.Release|Any CPU.ActiveCfg = Release|Any CPU
		{D0EF547B-C437-4E6A-B332-2F63789D5AAB}.Release|Any CPU.Build.0 = Release|Any CPU
		{D0EF547B-C437-4E6A-B332-2F63789D5AAB}.Release|x64.ActiveCfg = Release|x64
		{D0EF547B-C437-4E6A-B332-2F63789D5AAB}.Release|x64.Build.0 = Release|x64
		{D0EF547B-C437-4E6A-B332-2F63789D5AAB}.Release|x86.ActiveCfg = Release|x86
		{D0EF547B-C437-4E6A-B332-2F63789D5AAB}.Release|x86.Build.0 = Release|x86
		{9207A7F1-DE32-483D-BD12-BF96DD6BBCAE}.Debug|Any CPU.ActiveCfg = Debug|Any CPU
		{9207A7F1-DE32-483D-BD12-BF96DD6BBCAE}.Debug|Any CPU.Build.0 = Debug|Any CPU
		{9207A7F1-DE32-483D-BD12-BF96DD6BBCAE}.Debug|x64.ActiveCfg = Debug|x64
		{9207A7F1-DE32-483D-BD12-BF96DD6BBCAE}.Debug|x64.Build.0 = Debug|x64
		{9207A7F1-DE32-483D-BD12-BF96DD6BBCAE}.Debug|x86.ActiveCfg = Debug|x86
		{9207A7F1-DE32-483D-BD12-BF96DD6BBCAE}.Debug|x86.Build.0 = Debug|x86
		{9207A7F1-DE32-483D-BD12-BF96DD6BBCAE}.Release|Any CPU.ActiveCfg = Release|Any CPU
		{9207A7F1-DE32-483D-BD12-BF96DD6BBCAE}.Release|Any CPU.Build.0 = Release|Any CPU
		{9207A7F1-DE32-483D-BD12-BF96DD6BBCAE}.Release|x64.ActiveCfg = Release|x64
		{9207A7F1-DE32-483D-BD12-BF96DD6BBCAE}.Release|x64.Build.0 = Release|x64
		{9207A7F1-DE32-483D-BD12-BF96DD6BBCAE}.Release|x86.ActiveCfg = Release|x86
		{9207A7F1-DE32-483D-BD12-BF96DD6BBCAE}.Release|x86.Build.0 = Release|x86
		{493473B5-5364-4A2A-BEF0-073E571858DB}.Debug|Any CPU.ActiveCfg = Debug|Any CPU
		{493473B5-5364-4A2A-BEF0-073E571858DB}.Debug|Any CPU.Build.0 = Debug|Any CPU
		{493473B5-5364-4A2A-BEF0-073E571858DB}.Debug|x64.ActiveCfg = Debug|x64
		{493473B5-5364-4A2A-BEF0-073E571858DB}.Debug|x64.Build.0 = Debug|x64
		{493473B5-5364-4A2A-BEF0-073E571858DB}.Debug|x86.ActiveCfg = Debug|x86
		{493473B5-5364-4A2A-BEF0-073E571858DB}.Debug|x86.Build.0 = Debug|x86
		{493473B5-5364-4A2A-BEF0-073E571858DB}.Release|Any CPU.ActiveCfg = Release|Any CPU
		{493473B5-5364-4A2A-BEF0-073E571858DB}.Release|Any CPU.Build.0 = Release|Any CPU
		{493473B5-5364-4A2A-BEF0-073E571858DB}.Release|x64.ActiveCfg = Release|x64
		{493473B5-5364-4A2A-BEF0-073E571858DB}.Release|x64.Build.0 = Release|x64
		{493473B5-5364-4A2A-BEF0-073E571858DB}.Release|x86.ActiveCfg = Release|x86
		{493473B5-5364-4A2A-BEF0-073E571858DB}.Release|x86.Build.0 = Release|x86
		{BBAB743C-D9D4-4415-A143-83EE82F72F9F}.Debug|Any CPU.ActiveCfg = Debug|Any CPU
		{BBAB743C-D9D4-4415-A143-83EE82F72F9F}.Debug|Any CPU.Build.0 = Debug|Any CPU
		{BBAB743C-D9D4-4415-A143-83EE82F72F9F}.Debug|x64.ActiveCfg = Debug|x64
		{BBAB743C-D9D4-4415-A143-83EE82F72F9F}.Debug|x64.Build.0 = Debug|x64
		{BBAB743C-D9D4-4415-A143-83EE82F72F9F}.Debug|x86.ActiveCfg = Debug|x86
		{BBAB743C-D9D4-4415-A143-83EE82F72F9F}.Debug|x86.Build.0 = Debug|x86
		{BBAB743C-D9D4-4415-A143-83EE82F72F9F}.Release|Any CPU.ActiveCfg = Release|Any CPU
		{BBAB743C-D9D4-4415-A143-83EE82F72F9F}.Release|Any CPU.Build.0 = Release|Any CPU
		{BBAB743C-D9D4-4415-A143-83EE82F72F9F}.Release|x64.ActiveCfg = Release|x64
		{BBAB743C-D9D4-4415-A143-83EE82F72F9F}.Release|x64.Build.0 = Release|x64
		{BBAB743C-D9D4-4415-A143-83EE82F72F9F}.Release|x86.ActiveCfg = Release|x86
		{BBAB743C-D9D4-4415-A143-83EE82F72F9F}.Release|x86.Build.0 = Release|x86
		{E74C293B-B709-4514-8289-3341EC70C053}.Debug|Any CPU.ActiveCfg = Debug|Any CPU
		{E74C293B-B709-4514-8289-3341EC70C053}.Debug|Any CPU.Build.0 = Debug|Any CPU
		{E74C293B-B709-4514-8289-3341EC70C053}.Debug|x64.ActiveCfg = Debug|x64
		{E74C293B-B709-4514-8289-3341EC70C053}.Debug|x64.Build.0 = Debug|x64
		{E74C293B-B709-4514-8289-3341EC70C053}.Debug|x86.ActiveCfg = Debug|x86
		{E74C293B-B709-4514-8289-3341EC70C053}.Debug|x86.Build.0 = Debug|x86
		{E74C293B-B709-4514-8289-3341EC70C053}.Release|Any CPU.ActiveCfg = Release|Any CPU
		{E74C293B-B709-4514-8289-3341EC70C053}.Release|Any CPU.Build.0 = Release|Any CPU
		{E74C293B-B709-4514-8289-3341EC70C053}.Release|x64.ActiveCfg = Release|x64
		{E74C293B-B709-4514-8289-3341EC70C053}.Release|x64.Build.0 = Release|x64
		{E74C293B-B709-4514-8289-3341EC70C053}.Release|x86.ActiveCfg = Release|x86
		{E74C293B-B709-4514-8289-3341EC70C053}.Release|x86.Build.0 = Release|x86
		{A4A2BF35-92A0-4B23-8A40-FBF9A7E5BBEF}.Debug|Any CPU.ActiveCfg = Debug|Any CPU
		{A4A2BF35-92A0-4B23-8A40-FBF9A7E5BBEF}.Debug|Any CPU.Build.0 = Debug|Any CPU
		{A4A2BF35-92A0-4B23-8A40-FBF9A7E5BBEF}.Debug|x64.ActiveCfg = Debug|x64
		{A4A2BF35-92A0-4B23-8A40-FBF9A7E5BBEF}.Debug|x64.Build.0 = Debug|x64
		{A4A2BF35-92A0-4B23-8A40-FBF9A7E5BBEF}.Debug|x86.ActiveCfg = Debug|x86
		{A4A2BF35-92A0-4B23-8A40-FBF9A7E5BBEF}.Debug|x86.Build.0 = Debug|x86
		{A4A2BF35-92A0-4B23-8A40-FBF9A7E5BBEF}.Release|Any CPU.ActiveCfg = Release|Any CPU
		{A4A2BF35-92A0-4B23-8A40-FBF9A7E5BBEF}.Release|Any CPU.Build.0 = Release|Any CPU
		{A4A2BF35-92A0-4B23-8A40-FBF9A7E5BBEF}.Release|x64.ActiveCfg = Release|x64
		{A4A2BF35-92A0-4B23-8A40-FBF9A7E5BBEF}.Release|x64.Build.0 = Release|x64
		{A4A2BF35-92A0-4B23-8A40-FBF9A7E5BBEF}.Release|x86.ActiveCfg = Release|x86
		{A4A2BF35-92A0-4B23-8A40-FBF9A7E5BBEF}.Release|x86.Build.0 = Release|x86
		{C99F41BD-2AEE-4539-9EEE-A71AA5DBC8BD}.Debug|Any CPU.ActiveCfg = Debug|Any CPU
		{C99F41BD-2AEE-4539-9EEE-A71AA5DBC8BD}.Debug|Any CPU.Build.0 = Debug|Any CPU
		{C99F41BD-2AEE-4539-9EEE-A71AA5DBC8BD}.Debug|x64.ActiveCfg = Debug|x64
		{C99F41BD-2AEE-4539-9EEE-A71AA5DBC8BD}.Debug|x64.Build.0 = Debug|x64
		{C99F41BD-2AEE-4539-9EEE-A71AA5DBC8BD}.Debug|x86.ActiveCfg = Debug|x86
		{C99F41BD-2AEE-4539-9EEE-A71AA5DBC8BD}.Debug|x86.Build.0 = Debug|x86
		{C99F41BD-2AEE-4539-9EEE-A71AA5DBC8BD}.Release|Any CPU.ActiveCfg = Release|Any CPU
		{C99F41BD-2AEE-4539-9EEE-A71AA5DBC8BD}.Release|Any CPU.Build.0 = Release|Any CPU
		{C99F41BD-2AEE-4539-9EEE-A71AA5DBC8BD}.Release|x64.ActiveCfg = Release|x64
		{C99F41BD-2AEE-4539-9EEE-A71AA5DBC8BD}.Release|x64.Build.0 = Release|x64
		{C99F41BD-2AEE-4539-9EEE-A71AA5DBC8BD}.Release|x86.ActiveCfg = Release|x86
		{C99F41BD-2AEE-4539-9EEE-A71AA5DBC8BD}.Release|x86.Build.0 = Release|x86
		{75B850CB-E05E-402D-B291-D6CAA8E9F215}.Debug|Any CPU.ActiveCfg = Debug|Any CPU
		{75B850CB-E05E-402D-B291-D6CAA8E9F215}.Debug|Any CPU.Build.0 = Debug|Any CPU
		{75B850CB-E05E-402D-B291-D6CAA8E9F215}.Debug|x64.ActiveCfg = Debug|x64
		{75B850CB-E05E-402D-B291-D6CAA8E9F215}.Debug|x64.Build.0 = Debug|x64
		{75B850CB-E05E-402D-B291-D6CAA8E9F215}.Debug|x86.ActiveCfg = Debug|x86
		{75B850CB-E05E-402D-B291-D6CAA8E9F215}.Debug|x86.Build.0 = Debug|x86
		{75B850CB-E05E-402D-B291-D6CAA8E9F215}.Release|Any CPU.ActiveCfg = Release|Any CPU
		{75B850CB-E05E-402D-B291-D6CAA8E9F215}.Release|Any CPU.Build.0 = Release|Any CPU
		{75B850CB-E05E-402D-B291-D6CAA8E9F215}.Release|x64.ActiveCfg = Release|x64
		{75B850CB-E05E-402D-B291-D6CAA8E9F215}.Release|x64.Build.0 = Release|x64
		{75B850CB-E05E-402D-B291-D6CAA8E9F215}.Release|x86.ActiveCfg = Release|x86
		{75B850CB-E05E-402D-B291-D6CAA8E9F215}.Release|x86.Build.0 = Release|x86
		{EE13D12C-8EDD-4946-885C-55F4029E7D87}.Debug|Any CPU.ActiveCfg = Debug|Any CPU
		{EE13D12C-8EDD-4946-885C-55F4029E7D87}.Debug|Any CPU.Build.0 = Debug|Any CPU
		{EE13D12C-8EDD-4946-885C-55F4029E7D87}.Debug|x64.ActiveCfg = Debug|x64
		{EE13D12C-8EDD-4946-885C-55F4029E7D87}.Debug|x64.Build.0 = Debug|x64
		{EE13D12C-8EDD-4946-885C-55F4029E7D87}.Debug|x86.ActiveCfg = Debug|x86
		{EE13D12C-8EDD-4946-885C-55F4029E7D87}.Debug|x86.Build.0 = Debug|x86
		{EE13D12C-8EDD-4946-885C-55F4029E7D87}.Release|Any CPU.ActiveCfg = Release|Any CPU
		{EE13D12C-8EDD-4946-885C-55F4029E7D87}.Release|Any CPU.Build.0 = Release|Any CPU
		{EE13D12C-8EDD-4946-885C-55F4029E7D87}.Release|x64.ActiveCfg = Release|x64
		{EE13D12C-8EDD-4946-885C-55F4029E7D87}.Release|x64.Build.0 = Release|x64
		{EE13D12C-8EDD-4946-885C-55F4029E7D87}.Release|x86.ActiveCfg = Release|x86
		{EE13D12C-8EDD-4946-885C-55F4029E7D87}.Release|x86.Build.0 = Release|x86
		{4F233B46-8507-4282-B378-76BC22E29F56}.Debug|Any CPU.ActiveCfg = Debug|Any CPU
		{4F233B46-8507-4282-B378-76BC22E29F56}.Debug|Any CPU.Build.0 = Debug|Any CPU
		{4F233B46-8507-4282-B378-76BC22E29F56}.Debug|x64.ActiveCfg = Debug|x64
		{4F233B46-8507-4282-B378-76BC22E29F56}.Debug|x64.Build.0 = Debug|x64
		{4F233B46-8507-4282-B378-76BC22E29F56}.Debug|x86.ActiveCfg = Debug|x86
		{4F233B46-8507-4282-B378-76BC22E29F56}.Debug|x86.Build.0 = Debug|x86
		{4F233B46-8507-4282-B378-76BC22E29F56}.Release|Any CPU.ActiveCfg = Release|Any CPU
		{4F233B46-8507-4282-B378-76BC22E29F56}.Release|Any CPU.Build.0 = Release|Any CPU
		{4F233B46-8507-4282-B378-76BC22E29F56}.Release|x64.ActiveCfg = Release|x64
		{4F233B46-8507-4282-B378-76BC22E29F56}.Release|x64.Build.0 = Release|x64
		{4F233B46-8507-4282-B378-76BC22E29F56}.Release|x86.ActiveCfg = Release|x86
		{4F233B46-8507-4282-B378-76BC22E29F56}.Release|x86.Build.0 = Release|x86
		{5F7BE8B2-6931-418E-AC0E-44E99F97B2CB}.Debug|Any CPU.ActiveCfg = Debug|Any CPU
		{5F7BE8B2-6931-418E-AC0E-44E99F97B2CB}.Debug|Any CPU.Build.0 = Debug|Any CPU
		{5F7BE8B2-6931-418E-AC0E-44E99F97B2CB}.Debug|x64.ActiveCfg = Debug|x64
		{5F7BE8B2-6931-418E-AC0E-44E99F97B2CB}.Debug|x64.Build.0 = Debug|x64
		{5F7BE8B2-6931-418E-AC0E-44E99F97B2CB}.Debug|x86.ActiveCfg = Debug|x86
		{5F7BE8B2-6931-418E-AC0E-44E99F97B2CB}.Debug|x86.Build.0 = Debug|x86
		{5F7BE8B2-6931-418E-AC0E-44E99F97B2CB}.Release|Any CPU.ActiveCfg = Release|Any CPU
		{5F7BE8B2-6931-418E-AC0E-44E99F97B2CB}.Release|Any CPU.Build.0 = Release|Any CPU
		{5F7BE8B2-6931-418E-AC0E-44E99F97B2CB}.Release|x64.ActiveCfg = Release|x64
		{5F7BE8B2-6931-418E-AC0E-44E99F97B2CB}.Release|x64.Build.0 = Release|x64
		{5F7BE8B2-6931-418E-AC0E-44E99F97B2CB}.Release|x86.ActiveCfg = Release|x86
		{5F7BE8B2-6931-418E-AC0E-44E99F97B2CB}.Release|x86.Build.0 = Release|x86
		{4BF30EC4-A75E-4BC9-8D3F-85B694F5C722}.Debug|Any CPU.ActiveCfg = Debug|Any CPU
		{4BF30EC4-A75E-4BC9-8D3F-85B694F5C722}.Debug|Any CPU.Build.0 = Debug|Any CPU
		{4BF30EC4-A75E-4BC9-8D3F-85B694F5C722}.Debug|x64.ActiveCfg = Debug|x64
		{4BF30EC4-A75E-4BC9-8D3F-85B694F5C722}.Debug|x64.Build.0 = Debug|x64
		{4BF30EC4-A75E-4BC9-8D3F-85B694F5C722}.Debug|x86.ActiveCfg = Debug|x86
		{4BF30EC4-A75E-4BC9-8D3F-85B694F5C722}.Debug|x86.Build.0 = Debug|x86
		{4BF30EC4-A75E-4BC9-8D3F-85B694F5C722}.Release|Any CPU.ActiveCfg = Release|Any CPU
		{4BF30EC4-A75E-4BC9-8D3F-85B694F5C722}.Release|Any CPU.Build.0 = Release|Any CPU
		{4BF30EC4-A75E-4BC9-8D3F-85B694F5C722}.Release|x64.ActiveCfg = Release|x64
		{4BF30EC4-A75E-4BC9-8D3F-85B694F5C722}.Release|x64.Build.0 = Release|x64
		{4BF30EC4-A75E-4BC9-8D3F-85B694F5C722}.Release|x86.ActiveCfg = Release|x86
		{4BF30EC4-A75E-4BC9-8D3F-85B694F5C722}.Release|x86.Build.0 = Release|x86
		{B6EB6BA9-41A3-4621-9556-6996717480E9}.Debug|Any CPU.ActiveCfg = Debug|Any CPU
		{B6EB6BA9-41A3-4621-9556-6996717480E9}.Debug|Any CPU.Build.0 = Debug|Any CPU
		{B6EB6BA9-41A3-4621-9556-6996717480E9}.Debug|x64.ActiveCfg = Debug|x64
		{B6EB6BA9-41A3-4621-9556-6996717480E9}.Debug|x64.Build.0 = Debug|x64
		{B6EB6BA9-41A3-4621-9556-6996717480E9}.Debug|x86.ActiveCfg = Debug|x86
		{B6EB6BA9-41A3-4621-9556-6996717480E9}.Debug|x86.Build.0 = Debug|x86
		{B6EB6BA9-41A3-4621-9556-6996717480E9}.Release|Any CPU.ActiveCfg = Release|Any CPU
		{B6EB6BA9-41A3-4621-9556-6996717480E9}.Release|Any CPU.Build.0 = Release|Any CPU
		{B6EB6BA9-41A3-4621-9556-6996717480E9}.Release|x64.ActiveCfg = Release|x64
		{B6EB6BA9-41A3-4621-9556-6996717480E9}.Release|x64.Build.0 = Release|x64
		{B6EB6BA9-41A3-4621-9556-6996717480E9}.Release|x86.ActiveCfg = Release|x86
		{B6EB6BA9-41A3-4621-9556-6996717480E9}.Release|x86.Build.0 = Release|x86
		{DF79100C-09FE-4368-86AD-6D87F1C65967}.Debug|Any CPU.ActiveCfg = Debug|Any CPU
		{DF79100C-09FE-4368-86AD-6D87F1C65967}.Debug|Any CPU.Build.0 = Debug|Any CPU
		{DF79100C-09FE-4368-86AD-6D87F1C65967}.Debug|x64.ActiveCfg = Debug|x64
		{DF79100C-09FE-4368-86AD-6D87F1C65967}.Debug|x64.Build.0 = Debug|x64
		{DF79100C-09FE-4368-86AD-6D87F1C65967}.Debug|x86.ActiveCfg = Debug|x86
		{DF79100C-09FE-4368-86AD-6D87F1C65967}.Debug|x86.Build.0 = Debug|x86
		{DF79100C-09FE-4368-86AD-6D87F1C65967}.Release|Any CPU.ActiveCfg = Release|Any CPU
		{DF79100C-09FE-4368-86AD-6D87F1C65967}.Release|Any CPU.Build.0 = Release|Any CPU
		{DF79100C-09FE-4368-86AD-6D87F1C65967}.Release|x64.ActiveCfg = Release|x64
		{DF79100C-09FE-4368-86AD-6D87F1C65967}.Release|x64.Build.0 = Release|x64
		{DF79100C-09FE-4368-86AD-6D87F1C65967}.Release|x86.ActiveCfg = Release|x86
		{DF79100C-09FE-4368-86AD-6D87F1C65967}.Release|x86.Build.0 = Release|x86
		{86B8B12A-C4B0-43D3-B7ED-EF15D17BF051}.Debug|Any CPU.ActiveCfg = Debug|Any CPU
		{86B8B12A-C4B0-43D3-B7ED-EF15D17BF051}.Debug|Any CPU.Build.0 = Debug|Any CPU
		{86B8B12A-C4B0-43D3-B7ED-EF15D17BF051}.Debug|x64.ActiveCfg = Debug|x64
		{86B8B12A-C4B0-43D3-B7ED-EF15D17BF051}.Debug|x64.Build.0 = Debug|x64
		{86B8B12A-C4B0-43D3-B7ED-EF15D17BF051}.Debug|x86.ActiveCfg = Debug|x86
		{86B8B12A-C4B0-43D3-B7ED-EF15D17BF051}.Debug|x86.Build.0 = Debug|x86
		{86B8B12A-C4B0-43D3-B7ED-EF15D17BF051}.Release|Any CPU.ActiveCfg = Release|Any CPU
		{86B8B12A-C4B0-43D3-B7ED-EF15D17BF051}.Release|Any CPU.Build.0 = Release|Any CPU
		{86B8B12A-C4B0-43D3-B7ED-EF15D17BF051}.Release|x64.ActiveCfg = Release|x64
		{86B8B12A-C4B0-43D3-B7ED-EF15D17BF051}.Release|x64.Build.0 = Release|x64
		{86B8B12A-C4B0-43D3-B7ED-EF15D17BF051}.Release|x86.ActiveCfg = Release|x86
		{86B8B12A-C4B0-43D3-B7ED-EF15D17BF051}.Release|x86.Build.0 = Release|x86
		{6283CDC4-20C0-4515-850D-9EDA52D60E0E}.Debug|Any CPU.ActiveCfg = Debug|Any CPU
		{6283CDC4-20C0-4515-850D-9EDA52D60E0E}.Debug|Any CPU.Build.0 = Debug|Any CPU
		{6283CDC4-20C0-4515-850D-9EDA52D60E0E}.Debug|x64.ActiveCfg = Debug|x64
		{6283CDC4-20C0-4515-850D-9EDA52D60E0E}.Debug|x64.Build.0 = Debug|x64
		{6283CDC4-20C0-4515-850D-9EDA52D60E0E}.Debug|x86.ActiveCfg = Debug|x86
		{6283CDC4-20C0-4515-850D-9EDA52D60E0E}.Debug|x86.Build.0 = Debug|x86
		{6283CDC4-20C0-4515-850D-9EDA52D60E0E}.Release|Any CPU.ActiveCfg = Release|Any CPU
		{6283CDC4-20C0-4515-850D-9EDA52D60E0E}.Release|Any CPU.Build.0 = Release|Any CPU
		{6283CDC4-20C0-4515-850D-9EDA52D60E0E}.Release|x64.ActiveCfg = Release|x64
		{6283CDC4-20C0-4515-850D-9EDA52D60E0E}.Release|x64.Build.0 = Release|x64
		{6283CDC4-20C0-4515-850D-9EDA52D60E0E}.Release|x86.ActiveCfg = Release|x86
		{6283CDC4-20C0-4515-850D-9EDA52D60E0E}.Release|x86.Build.0 = Release|x86
		{39958A18-4AB7-4C09-9F9F-0BB7D8337B4B}.Debug|Any CPU.ActiveCfg = Debug|Any CPU
		{39958A18-4AB7-4C09-9F9F-0BB7D8337B4B}.Debug|Any CPU.Build.0 = Debug|Any CPU
		{39958A18-4AB7-4C09-9F9F-0BB7D8337B4B}.Debug|x64.ActiveCfg = Debug|x64
		{39958A18-4AB7-4C09-9F9F-0BB7D8337B4B}.Debug|x64.Build.0 = Debug|x64
		{39958A18-4AB7-4C09-9F9F-0BB7D8337B4B}.Debug|x86.ActiveCfg = Debug|x86
		{39958A18-4AB7-4C09-9F9F-0BB7D8337B4B}.Debug|x86.Build.0 = Debug|x86
		{39958A18-4AB7-4C09-9F9F-0BB7D8337B4B}.Release|Any CPU.ActiveCfg = Release|Any CPU
		{39958A18-4AB7-4C09-9F9F-0BB7D8337B4B}.Release|Any CPU.Build.0 = Release|Any CPU
		{39958A18-4AB7-4C09-9F9F-0BB7D8337B4B}.Release|x64.ActiveCfg = Release|x64
		{39958A18-4AB7-4C09-9F9F-0BB7D8337B4B}.Release|x64.Build.0 = Release|x64
		{39958A18-4AB7-4C09-9F9F-0BB7D8337B4B}.Release|x86.ActiveCfg = Release|x86
		{39958A18-4AB7-4C09-9F9F-0BB7D8337B4B}.Release|x86.Build.0 = Release|x86
		{366B7520-DFF0-48F9-BB08-A02D0AD78612}.Debug|Any CPU.ActiveCfg = Debug|Any CPU
		{366B7520-DFF0-48F9-BB08-A02D0AD78612}.Debug|Any CPU.Build.0 = Debug|Any CPU
		{366B7520-DFF0-48F9-BB08-A02D0AD78612}.Debug|x64.ActiveCfg = Debug|x64
		{366B7520-DFF0-48F9-BB08-A02D0AD78612}.Debug|x64.Build.0 = Debug|x64
		{366B7520-DFF0-48F9-BB08-A02D0AD78612}.Debug|x86.ActiveCfg = Debug|x86
		{366B7520-DFF0-48F9-BB08-A02D0AD78612}.Debug|x86.Build.0 = Debug|x86
		{366B7520-DFF0-48F9-BB08-A02D0AD78612}.Release|Any CPU.ActiveCfg = Release|Any CPU
		{366B7520-DFF0-48F9-BB08-A02D0AD78612}.Release|Any CPU.Build.0 = Release|Any CPU
		{366B7520-DFF0-48F9-BB08-A02D0AD78612}.Release|x64.ActiveCfg = Release|x64
		{366B7520-DFF0-48F9-BB08-A02D0AD78612}.Release|x64.Build.0 = Release|x64
		{366B7520-DFF0-48F9-BB08-A02D0AD78612}.Release|x86.ActiveCfg = Release|x86
		{366B7520-DFF0-48F9-BB08-A02D0AD78612}.Release|x86.Build.0 = Release|x86
		{983244BB-3306-4B28-94F7-D2879A98DF01}.Debug|Any CPU.ActiveCfg = Debug|Any CPU
		{983244BB-3306-4B28-94F7-D2879A98DF01}.Debug|Any CPU.Build.0 = Debug|Any CPU
		{983244BB-3306-4B28-94F7-D2879A98DF01}.Debug|x64.ActiveCfg = Debug|x64
		{983244BB-3306-4B28-94F7-D2879A98DF01}.Debug|x64.Build.0 = Debug|x64
		{983244BB-3306-4B28-94F7-D2879A98DF01}.Debug|x86.ActiveCfg = Debug|x86
		{983244BB-3306-4B28-94F7-D2879A98DF01}.Debug|x86.Build.0 = Debug|x86
		{983244BB-3306-4B28-94F7-D2879A98DF01}.Release|Any CPU.ActiveCfg = Release|Any CPU
		{983244BB-3306-4B28-94F7-D2879A98DF01}.Release|Any CPU.Build.0 = Release|Any CPU
		{983244BB-3306-4B28-94F7-D2879A98DF01}.Release|x64.ActiveCfg = Release|x64
		{983244BB-3306-4B28-94F7-D2879A98DF01}.Release|x64.Build.0 = Release|x64
		{983244BB-3306-4B28-94F7-D2879A98DF01}.Release|x86.ActiveCfg = Release|x86
		{983244BB-3306-4B28-94F7-D2879A98DF01}.Release|x86.Build.0 = Release|x86
		{AC9B0F4F-6362-4434-AEC4-2A2E01DA32E6}.Debug|Any CPU.ActiveCfg = Debug|Any CPU
		{AC9B0F4F-6362-4434-AEC4-2A2E01DA32E6}.Debug|Any CPU.Build.0 = Debug|Any CPU
		{AC9B0F4F-6362-4434-AEC4-2A2E01DA32E6}.Debug|x64.ActiveCfg = Debug|x64
		{AC9B0F4F-6362-4434-AEC4-2A2E01DA32E6}.Debug|x64.Build.0 = Debug|x64
		{AC9B0F4F-6362-4434-AEC4-2A2E01DA32E6}.Debug|x86.ActiveCfg = Debug|x86
		{AC9B0F4F-6362-4434-AEC4-2A2E01DA32E6}.Debug|x86.Build.0 = Debug|x86
		{AC9B0F4F-6362-4434-AEC4-2A2E01DA32E6}.Release|Any CPU.ActiveCfg = Release|Any CPU
		{AC9B0F4F-6362-4434-AEC4-2A2E01DA32E6}.Release|Any CPU.Build.0 = Release|Any CPU
		{AC9B0F4F-6362-4434-AEC4-2A2E01DA32E6}.Release|x64.ActiveCfg = Release|x64
		{AC9B0F4F-6362-4434-AEC4-2A2E01DA32E6}.Release|x64.Build.0 = Release|x64
		{AC9B0F4F-6362-4434-AEC4-2A2E01DA32E6}.Release|x86.ActiveCfg = Release|x86
		{AC9B0F4F-6362-4434-AEC4-2A2E01DA32E6}.Release|x86.Build.0 = Release|x86
		{B4A0651E-BF80-425B-8918-D04076FE681F}.Debug|Any CPU.ActiveCfg = Debug|Any CPU
		{B4A0651E-BF80-425B-8918-D04076FE681F}.Debug|Any CPU.Build.0 = Debug|Any CPU
		{B4A0651E-BF80-425B-8918-D04076FE681F}.Debug|x64.ActiveCfg = Debug|x64
		{B4A0651E-BF80-425B-8918-D04076FE681F}.Debug|x64.Build.0 = Debug|x64
		{B4A0651E-BF80-425B-8918-D04076FE681F}.Debug|x86.ActiveCfg = Debug|x86
		{B4A0651E-BF80-425B-8918-D04076FE681F}.Debug|x86.Build.0 = Debug|x86
		{B4A0651E-BF80-425B-8918-D04076FE681F}.Release|Any CPU.ActiveCfg = Release|Any CPU
		{B4A0651E-BF80-425B-8918-D04076FE681F}.Release|Any CPU.Build.0 = Release|Any CPU
		{B4A0651E-BF80-425B-8918-D04076FE681F}.Release|x64.ActiveCfg = Release|x64
		{B4A0651E-BF80-425B-8918-D04076FE681F}.Release|x64.Build.0 = Release|x64
		{B4A0651E-BF80-425B-8918-D04076FE681F}.Release|x86.ActiveCfg = Release|x86
		{B4A0651E-BF80-425B-8918-D04076FE681F}.Release|x86.Build.0 = Release|x86
		{74FDFD51-2F52-498C-8350-906BC81DE2CB}.Debug|Any CPU.ActiveCfg = Debug|Any CPU
		{74FDFD51-2F52-498C-8350-906BC81DE2CB}.Debug|Any CPU.Build.0 = Debug|Any CPU
		{74FDFD51-2F52-498C-8350-906BC81DE2CB}.Debug|x64.ActiveCfg = Debug|Any CPU
		{74FDFD51-2F52-498C-8350-906BC81DE2CB}.Debug|x64.Build.0 = Debug|Any CPU
		{74FDFD51-2F52-498C-8350-906BC81DE2CB}.Debug|x86.ActiveCfg = Debug|Any CPU
		{74FDFD51-2F52-498C-8350-906BC81DE2CB}.Debug|x86.Build.0 = Debug|Any CPU
		{74FDFD51-2F52-498C-8350-906BC81DE2CB}.Release|Any CPU.ActiveCfg = Release|Any CPU
		{74FDFD51-2F52-498C-8350-906BC81DE2CB}.Release|Any CPU.Build.0 = Release|Any CPU
		{74FDFD51-2F52-498C-8350-906BC81DE2CB}.Release|x64.ActiveCfg = Release|Any CPU
		{74FDFD51-2F52-498C-8350-906BC81DE2CB}.Release|x64.Build.0 = Release|Any CPU
		{74FDFD51-2F52-498C-8350-906BC81DE2CB}.Release|x86.ActiveCfg = Release|Any CPU
		{74FDFD51-2F52-498C-8350-906BC81DE2CB}.Release|x86.Build.0 = Release|Any CPU
		{07B63BA5-133F-4EC8-BCC6-2426EAB20D89}.Debug|Any CPU.ActiveCfg = Debug|Any CPU
		{07B63BA5-133F-4EC8-BCC6-2426EAB20D89}.Debug|Any CPU.Build.0 = Debug|Any CPU
		{07B63BA5-133F-4EC8-BCC6-2426EAB20D89}.Debug|x64.ActiveCfg = Debug|Any CPU
		{07B63BA5-133F-4EC8-BCC6-2426EAB20D89}.Debug|x64.Build.0 = Debug|Any CPU
		{07B63BA5-133F-4EC8-BCC6-2426EAB20D89}.Debug|x86.ActiveCfg = Debug|Any CPU
		{07B63BA5-133F-4EC8-BCC6-2426EAB20D89}.Debug|x86.Build.0 = Debug|Any CPU
		{07B63BA5-133F-4EC8-BCC6-2426EAB20D89}.Release|Any CPU.ActiveCfg = Release|Any CPU
		{07B63BA5-133F-4EC8-BCC6-2426EAB20D89}.Release|Any CPU.Build.0 = Release|Any CPU
		{07B63BA5-133F-4EC8-BCC6-2426EAB20D89}.Release|x64.ActiveCfg = Release|Any CPU
		{07B63BA5-133F-4EC8-BCC6-2426EAB20D89}.Release|x64.Build.0 = Release|Any CPU
		{07B63BA5-133F-4EC8-BCC6-2426EAB20D89}.Release|x86.ActiveCfg = Release|Any CPU
		{07B63BA5-133F-4EC8-BCC6-2426EAB20D89}.Release|x86.Build.0 = Release|Any CPU
		{1F714D5D-4877-4153-96B8-ADB539117A0F}.Debug|Any CPU.ActiveCfg = Debug|Any CPU
		{1F714D5D-4877-4153-96B8-ADB539117A0F}.Debug|Any CPU.Build.0 = Debug|Any CPU
		{1F714D5D-4877-4153-96B8-ADB539117A0F}.Debug|x64.ActiveCfg = Debug|Any CPU
		{1F714D5D-4877-4153-96B8-ADB539117A0F}.Debug|x64.Build.0 = Debug|Any CPU
		{1F714D5D-4877-4153-96B8-ADB539117A0F}.Debug|x86.ActiveCfg = Debug|Any CPU
		{1F714D5D-4877-4153-96B8-ADB539117A0F}.Debug|x86.Build.0 = Debug|Any CPU
		{1F714D5D-4877-4153-96B8-ADB539117A0F}.Release|Any CPU.ActiveCfg = Release|Any CPU
		{1F714D5D-4877-4153-96B8-ADB539117A0F}.Release|Any CPU.Build.0 = Release|Any CPU
		{1F714D5D-4877-4153-96B8-ADB539117A0F}.Release|x64.ActiveCfg = Release|Any CPU
		{1F714D5D-4877-4153-96B8-ADB539117A0F}.Release|x64.Build.0 = Release|Any CPU
		{1F714D5D-4877-4153-96B8-ADB539117A0F}.Release|x86.ActiveCfg = Release|Any CPU
		{1F714D5D-4877-4153-96B8-ADB539117A0F}.Release|x86.Build.0 = Release|Any CPU
		{313B3AC5-F7C5-4952-8EFA-57020F6CA18E}.Debug|Any CPU.ActiveCfg = Debug|Any CPU
		{313B3AC5-F7C5-4952-8EFA-57020F6CA18E}.Debug|Any CPU.Build.0 = Debug|Any CPU
		{313B3AC5-F7C5-4952-8EFA-57020F6CA18E}.Debug|x64.ActiveCfg = Debug|Any CPU
		{313B3AC5-F7C5-4952-8EFA-57020F6CA18E}.Debug|x64.Build.0 = Debug|Any CPU
		{313B3AC5-F7C5-4952-8EFA-57020F6CA18E}.Debug|x86.ActiveCfg = Debug|Any CPU
		{313B3AC5-F7C5-4952-8EFA-57020F6CA18E}.Debug|x86.Build.0 = Debug|Any CPU
		{313B3AC5-F7C5-4952-8EFA-57020F6CA18E}.Release|Any CPU.ActiveCfg = Release|Any CPU
		{313B3AC5-F7C5-4952-8EFA-57020F6CA18E}.Release|Any CPU.Build.0 = Release|Any CPU
		{313B3AC5-F7C5-4952-8EFA-57020F6CA18E}.Release|x64.ActiveCfg = Release|Any CPU
		{313B3AC5-F7C5-4952-8EFA-57020F6CA18E}.Release|x64.Build.0 = Release|Any CPU
		{313B3AC5-F7C5-4952-8EFA-57020F6CA18E}.Release|x86.ActiveCfg = Release|Any CPU
		{313B3AC5-F7C5-4952-8EFA-57020F6CA18E}.Release|x86.Build.0 = Release|Any CPU
		{F24185F1-9849-4F4D-8288-D12560B0A03E}.Debug|Any CPU.ActiveCfg = Debug|Any CPU
		{F24185F1-9849-4F4D-8288-D12560B0A03E}.Debug|Any CPU.Build.0 = Debug|Any CPU
		{F24185F1-9849-4F4D-8288-D12560B0A03E}.Debug|x64.ActiveCfg = Debug|Any CPU
		{F24185F1-9849-4F4D-8288-D12560B0A03E}.Debug|x64.Build.0 = Debug|Any CPU
		{F24185F1-9849-4F4D-8288-D12560B0A03E}.Debug|x86.ActiveCfg = Debug|Any CPU
		{F24185F1-9849-4F4D-8288-D12560B0A03E}.Debug|x86.Build.0 = Debug|Any CPU
		{F24185F1-9849-4F4D-8288-D12560B0A03E}.Release|Any CPU.ActiveCfg = Release|Any CPU
		{F24185F1-9849-4F4D-8288-D12560B0A03E}.Release|Any CPU.Build.0 = Release|Any CPU
		{F24185F1-9849-4F4D-8288-D12560B0A03E}.Release|x64.ActiveCfg = Release|Any CPU
		{F24185F1-9849-4F4D-8288-D12560B0A03E}.Release|x64.Build.0 = Release|Any CPU
		{F24185F1-9849-4F4D-8288-D12560B0A03E}.Release|x86.ActiveCfg = Release|Any CPU
		{F24185F1-9849-4F4D-8288-D12560B0A03E}.Release|x86.Build.0 = Release|Any CPU
		{48AFB49A-7C09-43F4-9AF7-546841941A4C}.Debug|Any CPU.ActiveCfg = Debug|Any CPU
		{48AFB49A-7C09-43F4-9AF7-546841941A4C}.Debug|Any CPU.Build.0 = Debug|Any CPU
		{48AFB49A-7C09-43F4-9AF7-546841941A4C}.Debug|x64.ActiveCfg = Debug|Any CPU
		{48AFB49A-7C09-43F4-9AF7-546841941A4C}.Debug|x64.Build.0 = Debug|Any CPU
		{48AFB49A-7C09-43F4-9AF7-546841941A4C}.Debug|x86.ActiveCfg = Debug|Any CPU
		{48AFB49A-7C09-43F4-9AF7-546841941A4C}.Debug|x86.Build.0 = Debug|Any CPU
		{48AFB49A-7C09-43F4-9AF7-546841941A4C}.Release|Any CPU.ActiveCfg = Release|Any CPU
		{48AFB49A-7C09-43F4-9AF7-546841941A4C}.Release|Any CPU.Build.0 = Release|Any CPU
		{48AFB49A-7C09-43F4-9AF7-546841941A4C}.Release|x64.ActiveCfg = Release|Any CPU
		{48AFB49A-7C09-43F4-9AF7-546841941A4C}.Release|x64.Build.0 = Release|Any CPU
		{48AFB49A-7C09-43F4-9AF7-546841941A4C}.Release|x86.ActiveCfg = Release|Any CPU
		{48AFB49A-7C09-43F4-9AF7-546841941A4C}.Release|x86.Build.0 = Release|Any CPU
		{047EB886-99A6-4F64-8504-D08F854329F6}.Debug|Any CPU.ActiveCfg = Debug|Any CPU
		{047EB886-99A6-4F64-8504-D08F854329F6}.Debug|Any CPU.Build.0 = Debug|Any CPU
		{047EB886-99A6-4F64-8504-D08F854329F6}.Debug|x64.ActiveCfg = Debug|Any CPU
		{047EB886-99A6-4F64-8504-D08F854329F6}.Debug|x64.Build.0 = Debug|Any CPU
		{047EB886-99A6-4F64-8504-D08F854329F6}.Debug|x86.ActiveCfg = Debug|Any CPU
		{047EB886-99A6-4F64-8504-D08F854329F6}.Debug|x86.Build.0 = Debug|Any CPU
		{047EB886-99A6-4F64-8504-D08F854329F6}.Release|Any CPU.ActiveCfg = Release|Any CPU
		{047EB886-99A6-4F64-8504-D08F854329F6}.Release|Any CPU.Build.0 = Release|Any CPU
		{047EB886-99A6-4F64-8504-D08F854329F6}.Release|x64.ActiveCfg = Release|Any CPU
		{047EB886-99A6-4F64-8504-D08F854329F6}.Release|x64.Build.0 = Release|Any CPU
		{047EB886-99A6-4F64-8504-D08F854329F6}.Release|x86.ActiveCfg = Release|Any CPU
		{047EB886-99A6-4F64-8504-D08F854329F6}.Release|x86.Build.0 = Release|Any CPU
		{466865AD-5C70-4FBC-9B68-A0BB52DEE86E}.Debug|Any CPU.ActiveCfg = Debug|Any CPU
		{466865AD-5C70-4FBC-9B68-A0BB52DEE86E}.Debug|Any CPU.Build.0 = Debug|Any CPU
		{466865AD-5C70-4FBC-9B68-A0BB52DEE86E}.Debug|x64.ActiveCfg = Debug|Any CPU
		{466865AD-5C70-4FBC-9B68-A0BB52DEE86E}.Debug|x64.Build.0 = Debug|Any CPU
		{466865AD-5C70-4FBC-9B68-A0BB52DEE86E}.Debug|x86.ActiveCfg = Debug|Any CPU
		{466865AD-5C70-4FBC-9B68-A0BB52DEE86E}.Debug|x86.Build.0 = Debug|Any CPU
		{466865AD-5C70-4FBC-9B68-A0BB52DEE86E}.Release|Any CPU.ActiveCfg = Release|Any CPU
		{466865AD-5C70-4FBC-9B68-A0BB52DEE86E}.Release|Any CPU.Build.0 = Release|Any CPU
		{466865AD-5C70-4FBC-9B68-A0BB52DEE86E}.Release|x64.ActiveCfg = Release|Any CPU
		{466865AD-5C70-4FBC-9B68-A0BB52DEE86E}.Release|x64.Build.0 = Release|Any CPU
		{466865AD-5C70-4FBC-9B68-A0BB52DEE86E}.Release|x86.ActiveCfg = Release|Any CPU
		{466865AD-5C70-4FBC-9B68-A0BB52DEE86E}.Release|x86.Build.0 = Release|Any CPU
		{C6EA1D1A-D831-414B-8E11-5806DC2BC927}.Debug|Any CPU.ActiveCfg = Debug|Any CPU
		{C6EA1D1A-D831-414B-8E11-5806DC2BC927}.Debug|Any CPU.Build.0 = Debug|Any CPU
		{C6EA1D1A-D831-414B-8E11-5806DC2BC927}.Debug|x64.ActiveCfg = Debug|Any CPU
		{C6EA1D1A-D831-414B-8E11-5806DC2BC927}.Debug|x64.Build.0 = Debug|Any CPU
		{C6EA1D1A-D831-414B-8E11-5806DC2BC927}.Debug|x86.ActiveCfg = Debug|Any CPU
		{C6EA1D1A-D831-414B-8E11-5806DC2BC927}.Debug|x86.Build.0 = Debug|Any CPU
		{C6EA1D1A-D831-414B-8E11-5806DC2BC927}.Release|Any CPU.ActiveCfg = Release|Any CPU
		{C6EA1D1A-D831-414B-8E11-5806DC2BC927}.Release|Any CPU.Build.0 = Release|Any CPU
		{C6EA1D1A-D831-414B-8E11-5806DC2BC927}.Release|x64.ActiveCfg = Release|Any CPU
		{C6EA1D1A-D831-414B-8E11-5806DC2BC927}.Release|x64.Build.0 = Release|Any CPU
		{C6EA1D1A-D831-414B-8E11-5806DC2BC927}.Release|x86.ActiveCfg = Release|Any CPU
		{C6EA1D1A-D831-414B-8E11-5806DC2BC927}.Release|x86.Build.0 = Release|Any CPU
		{3BBF7140-6C8A-4314-AA50-3FB871A33EB1}.Debug|Any CPU.ActiveCfg = Debug|Any CPU
		{3BBF7140-6C8A-4314-AA50-3FB871A33EB1}.Debug|Any CPU.Build.0 = Debug|Any CPU
		{3BBF7140-6C8A-4314-AA50-3FB871A33EB1}.Debug|x64.ActiveCfg = Debug|Any CPU
		{3BBF7140-6C8A-4314-AA50-3FB871A33EB1}.Debug|x64.Build.0 = Debug|Any CPU
		{3BBF7140-6C8A-4314-AA50-3FB871A33EB1}.Debug|x86.ActiveCfg = Debug|Any CPU
		{3BBF7140-6C8A-4314-AA50-3FB871A33EB1}.Debug|x86.Build.0 = Debug|Any CPU
		{3BBF7140-6C8A-4314-AA50-3FB871A33EB1}.Release|Any CPU.ActiveCfg = Release|Any CPU
		{3BBF7140-6C8A-4314-AA50-3FB871A33EB1}.Release|Any CPU.Build.0 = Release|Any CPU
		{3BBF7140-6C8A-4314-AA50-3FB871A33EB1}.Release|x64.ActiveCfg = Release|Any CPU
		{3BBF7140-6C8A-4314-AA50-3FB871A33EB1}.Release|x64.Build.0 = Release|Any CPU
		{3BBF7140-6C8A-4314-AA50-3FB871A33EB1}.Release|x86.ActiveCfg = Release|Any CPU
		{3BBF7140-6C8A-4314-AA50-3FB871A33EB1}.Release|x86.Build.0 = Release|Any CPU
		{48E802D7-56E9-4C4A-8B50-FC95E1457CB9}.Debug|Any CPU.ActiveCfg = Debug|Any CPU
		{48E802D7-56E9-4C4A-8B50-FC95E1457CB9}.Debug|Any CPU.Build.0 = Debug|Any CPU
		{48E802D7-56E9-4C4A-8B50-FC95E1457CB9}.Debug|x64.ActiveCfg = Debug|Any CPU
		{48E802D7-56E9-4C4A-8B50-FC95E1457CB9}.Debug|x64.Build.0 = Debug|Any CPU
		{48E802D7-56E9-4C4A-8B50-FC95E1457CB9}.Debug|x86.ActiveCfg = Debug|Any CPU
		{48E802D7-56E9-4C4A-8B50-FC95E1457CB9}.Debug|x86.Build.0 = Debug|Any CPU
		{48E802D7-56E9-4C4A-8B50-FC95E1457CB9}.Release|Any CPU.ActiveCfg = Release|Any CPU
		{48E802D7-56E9-4C4A-8B50-FC95E1457CB9}.Release|Any CPU.Build.0 = Release|Any CPU
		{48E802D7-56E9-4C4A-8B50-FC95E1457CB9}.Release|x64.ActiveCfg = Release|Any CPU
		{48E802D7-56E9-4C4A-8B50-FC95E1457CB9}.Release|x64.Build.0 = Release|Any CPU
		{48E802D7-56E9-4C4A-8B50-FC95E1457CB9}.Release|x86.ActiveCfg = Release|Any CPU
		{48E802D7-56E9-4C4A-8B50-FC95E1457CB9}.Release|x86.Build.0 = Release|Any CPU
		{E224C25C-D0A6-4F2A-8416-1901FA9A74E7}.Debug|Any CPU.ActiveCfg = Debug|Any CPU
		{E224C25C-D0A6-4F2A-8416-1901FA9A74E7}.Debug|Any CPU.Build.0 = Debug|Any CPU
		{E224C25C-D0A6-4F2A-8416-1901FA9A74E7}.Debug|x64.ActiveCfg = Debug|Any CPU
		{E224C25C-D0A6-4F2A-8416-1901FA9A74E7}.Debug|x64.Build.0 = Debug|Any CPU
		{E224C25C-D0A6-4F2A-8416-1901FA9A74E7}.Debug|x86.ActiveCfg = Debug|Any CPU
		{E224C25C-D0A6-4F2A-8416-1901FA9A74E7}.Debug|x86.Build.0 = Debug|Any CPU
		{E224C25C-D0A6-4F2A-8416-1901FA9A74E7}.Release|Any CPU.ActiveCfg = Release|Any CPU
		{E224C25C-D0A6-4F2A-8416-1901FA9A74E7}.Release|Any CPU.Build.0 = Release|Any CPU
		{E224C25C-D0A6-4F2A-8416-1901FA9A74E7}.Release|x64.ActiveCfg = Release|Any CPU
		{E224C25C-D0A6-4F2A-8416-1901FA9A74E7}.Release|x64.Build.0 = Release|Any CPU
		{E224C25C-D0A6-4F2A-8416-1901FA9A74E7}.Release|x86.ActiveCfg = Release|Any CPU
		{E224C25C-D0A6-4F2A-8416-1901FA9A74E7}.Release|x86.Build.0 = Release|Any CPU
		{0A0F2ACA-C288-4EEA-8F6D-2B8A87E15CE6}.Debug|Any CPU.ActiveCfg = Debug|Any CPU
		{0A0F2ACA-C288-4EEA-8F6D-2B8A87E15CE6}.Debug|Any CPU.Build.0 = Debug|Any CPU
		{0A0F2ACA-C288-4EEA-8F6D-2B8A87E15CE6}.Debug|x64.ActiveCfg = Debug|Any CPU
		{0A0F2ACA-C288-4EEA-8F6D-2B8A87E15CE6}.Debug|x64.Build.0 = Debug|Any CPU
		{0A0F2ACA-C288-4EEA-8F6D-2B8A87E15CE6}.Debug|x86.ActiveCfg = Debug|Any CPU
		{0A0F2ACA-C288-4EEA-8F6D-2B8A87E15CE6}.Debug|x86.Build.0 = Debug|Any CPU
		{0A0F2ACA-C288-4EEA-8F6D-2B8A87E15CE6}.Release|Any CPU.ActiveCfg = Release|Any CPU
		{0A0F2ACA-C288-4EEA-8F6D-2B8A87E15CE6}.Release|Any CPU.Build.0 = Release|Any CPU
		{0A0F2ACA-C288-4EEA-8F6D-2B8A87E15CE6}.Release|x64.ActiveCfg = Release|Any CPU
		{0A0F2ACA-C288-4EEA-8F6D-2B8A87E15CE6}.Release|x64.Build.0 = Release|Any CPU
		{0A0F2ACA-C288-4EEA-8F6D-2B8A87E15CE6}.Release|x86.ActiveCfg = Release|Any CPU
		{0A0F2ACA-C288-4EEA-8F6D-2B8A87E15CE6}.Release|x86.Build.0 = Release|Any CPU
		{2915744D-7FED-4EC1-9F04-64540A3C9C2B}.Debug|Any CPU.ActiveCfg = Debug|Any CPU
		{2915744D-7FED-4EC1-9F04-64540A3C9C2B}.Debug|Any CPU.Build.0 = Debug|Any CPU
		{2915744D-7FED-4EC1-9F04-64540A3C9C2B}.Debug|x64.ActiveCfg = Debug|Any CPU
		{2915744D-7FED-4EC1-9F04-64540A3C9C2B}.Debug|x64.Build.0 = Debug|Any CPU
		{2915744D-7FED-4EC1-9F04-64540A3C9C2B}.Debug|x86.ActiveCfg = Debug|Any CPU
		{2915744D-7FED-4EC1-9F04-64540A3C9C2B}.Debug|x86.Build.0 = Debug|Any CPU
		{2915744D-7FED-4EC1-9F04-64540A3C9C2B}.Release|Any CPU.ActiveCfg = Release|Any CPU
		{2915744D-7FED-4EC1-9F04-64540A3C9C2B}.Release|Any CPU.Build.0 = Release|Any CPU
		{2915744D-7FED-4EC1-9F04-64540A3C9C2B}.Release|x64.ActiveCfg = Release|Any CPU
		{2915744D-7FED-4EC1-9F04-64540A3C9C2B}.Release|x64.Build.0 = Release|Any CPU
		{2915744D-7FED-4EC1-9F04-64540A3C9C2B}.Release|x86.ActiveCfg = Release|Any CPU
		{2915744D-7FED-4EC1-9F04-64540A3C9C2B}.Release|x86.Build.0 = Release|Any CPU
		{C6DD8BBD-39CF-46E8-96D3-C0CEF0AFCB5E}.Debug|Any CPU.ActiveCfg = Debug|Any CPU
		{C6DD8BBD-39CF-46E8-96D3-C0CEF0AFCB5E}.Debug|Any CPU.Build.0 = Debug|Any CPU
		{C6DD8BBD-39CF-46E8-96D3-C0CEF0AFCB5E}.Debug|x64.ActiveCfg = Debug|Any CPU
		{C6DD8BBD-39CF-46E8-96D3-C0CEF0AFCB5E}.Debug|x64.Build.0 = Debug|Any CPU
		{C6DD8BBD-39CF-46E8-96D3-C0CEF0AFCB5E}.Debug|x86.ActiveCfg = Debug|Any CPU
		{C6DD8BBD-39CF-46E8-96D3-C0CEF0AFCB5E}.Debug|x86.Build.0 = Debug|Any CPU
		{C6DD8BBD-39CF-46E8-96D3-C0CEF0AFCB5E}.Release|Any CPU.ActiveCfg = Release|Any CPU
		{C6DD8BBD-39CF-46E8-96D3-C0CEF0AFCB5E}.Release|Any CPU.Build.0 = Release|Any CPU
		{C6DD8BBD-39CF-46E8-96D3-C0CEF0AFCB5E}.Release|x64.ActiveCfg = Release|Any CPU
		{C6DD8BBD-39CF-46E8-96D3-C0CEF0AFCB5E}.Release|x64.Build.0 = Release|Any CPU
		{C6DD8BBD-39CF-46E8-96D3-C0CEF0AFCB5E}.Release|x86.ActiveCfg = Release|Any CPU
		{C6DD8BBD-39CF-46E8-96D3-C0CEF0AFCB5E}.Release|x86.Build.0 = Release|Any CPU
		{2C35BF53-07B6-466C-9438-F491EC491DA0}.Debug|Any CPU.ActiveCfg = Debug|Any CPU
		{2C35BF53-07B6-466C-9438-F491EC491DA0}.Debug|Any CPU.Build.0 = Debug|Any CPU
		{2C35BF53-07B6-466C-9438-F491EC491DA0}.Debug|x64.ActiveCfg = Debug|Any CPU
		{2C35BF53-07B6-466C-9438-F491EC491DA0}.Debug|x64.Build.0 = Debug|Any CPU
		{2C35BF53-07B6-466C-9438-F491EC491DA0}.Debug|x86.ActiveCfg = Debug|Any CPU
		{2C35BF53-07B6-466C-9438-F491EC491DA0}.Debug|x86.Build.0 = Debug|Any CPU
		{2C35BF53-07B6-466C-9438-F491EC491DA0}.Release|Any CPU.ActiveCfg = Release|Any CPU
		{2C35BF53-07B6-466C-9438-F491EC491DA0}.Release|Any CPU.Build.0 = Release|Any CPU
		{2C35BF53-07B6-466C-9438-F491EC491DA0}.Release|x64.ActiveCfg = Release|Any CPU
		{2C35BF53-07B6-466C-9438-F491EC491DA0}.Release|x64.Build.0 = Release|Any CPU
		{2C35BF53-07B6-466C-9438-F491EC491DA0}.Release|x86.ActiveCfg = Release|Any CPU
		{2C35BF53-07B6-466C-9438-F491EC491DA0}.Release|x86.Build.0 = Release|Any CPU
		{BC988D10-37B2-428C-B49C-5DD1815CE654}.Debug|Any CPU.ActiveCfg = Debug|Any CPU
		{BC988D10-37B2-428C-B49C-5DD1815CE654}.Debug|Any CPU.Build.0 = Debug|Any CPU
		{BC988D10-37B2-428C-B49C-5DD1815CE654}.Debug|x64.ActiveCfg = Debug|Any CPU
		{BC988D10-37B2-428C-B49C-5DD1815CE654}.Debug|x64.Build.0 = Debug|Any CPU
		{BC988D10-37B2-428C-B49C-5DD1815CE654}.Debug|x86.ActiveCfg = Debug|Any CPU
		{BC988D10-37B2-428C-B49C-5DD1815CE654}.Debug|x86.Build.0 = Debug|Any CPU
		{BC988D10-37B2-428C-B49C-5DD1815CE654}.Release|Any CPU.ActiveCfg = Release|Any CPU
		{BC988D10-37B2-428C-B49C-5DD1815CE654}.Release|Any CPU.Build.0 = Release|Any CPU
		{BC988D10-37B2-428C-B49C-5DD1815CE654}.Release|x64.ActiveCfg = Release|Any CPU
		{BC988D10-37B2-428C-B49C-5DD1815CE654}.Release|x64.Build.0 = Release|Any CPU
		{BC988D10-37B2-428C-B49C-5DD1815CE654}.Release|x86.ActiveCfg = Release|Any CPU
		{BC988D10-37B2-428C-B49C-5DD1815CE654}.Release|x86.Build.0 = Release|Any CPU
	EndGlobalSection
	GlobalSection(SolutionProperties) = preSolution
		HideSolutionNode = FALSE
	EndGlobalSection
	GlobalSection(NestedProjects) = preSolution
		{849327E7-5137-478C-A757-5B39774E0CB5} = {9D16D704-B0D2-493D-AECE-B13C3E05AE6F}
		{75961F85-3A94-40A3-9B80-9574D053CE4B} = {849327E7-5137-478C-A757-5B39774E0CB5}
		{1A13FBF4-5532-4D9F-8B48-C0DE3E6E6602} = {849327E7-5137-478C-A757-5B39774E0CB5}
		{F6156D1B-A515-4F9C-BF97-9C45DB9C7BB6} = {9D16D704-B0D2-493D-AECE-B13C3E05AE6F}
		{548AB2BD-3DB7-4745-819C-1EA0A2575FB4} = {F6156D1B-A515-4F9C-BF97-9C45DB9C7BB6}
		{D0EF547B-C437-4E6A-B332-2F63789D5AAB} = {F6156D1B-A515-4F9C-BF97-9C45DB9C7BB6}
		{9207A7F1-DE32-483D-BD12-BF96DD6BBCAE} = {C774167F-56C7-423D-8D22-267D76EF10C8}
		{493473B5-5364-4A2A-BEF0-073E571858DB} = {FBEFD340-7BE2-4A7B-BE2C-16638B08C739}
		{BBAB743C-D9D4-4415-A143-83EE82F72F9F} = {FBEFD340-7BE2-4A7B-BE2C-16638B08C739}
		{E74C293B-B709-4514-8289-3341EC70C053} = {FBEFD340-7BE2-4A7B-BE2C-16638B08C739}
		{A4A2BF35-92A0-4B23-8A40-FBF9A7E5BBEF} = {FBEFD340-7BE2-4A7B-BE2C-16638B08C739}
		{C99F41BD-2AEE-4539-9EEE-A71AA5DBC8BD} = {FBEFD340-7BE2-4A7B-BE2C-16638B08C739}
		{75B850CB-E05E-402D-B291-D6CAA8E9F215} = {FBEFD340-7BE2-4A7B-BE2C-16638B08C739}
		{EE13D12C-8EDD-4946-885C-55F4029E7D87} = {849327E7-5137-478C-A757-5B39774E0CB5}
		{4F233B46-8507-4282-B378-76BC22E29F56} = {C774167F-56C7-423D-8D22-267D76EF10C8}
		{5F7BE8B2-6931-418E-AC0E-44E99F97B2CB} = {F6156D1B-A515-4F9C-BF97-9C45DB9C7BB6}
		{017AA33F-B4F1-4616-9B64-F7663E5568D3} = {9D16D704-B0D2-493D-AECE-B13C3E05AE6F}
		{4BF30EC4-A75E-4BC9-8D3F-85B694F5C722} = {017AA33F-B4F1-4616-9B64-F7663E5568D3}
		{B6EB6BA9-41A3-4621-9556-6996717480E9} = {017AA33F-B4F1-4616-9B64-F7663E5568D3}
		{DF79100C-09FE-4368-86AD-6D87F1C65967} = {017AA33F-B4F1-4616-9B64-F7663E5568D3}
		{86B8B12A-C4B0-43D3-B7ED-EF15D17BF051} = {849327E7-5137-478C-A757-5B39774E0CB5}
		{6283CDC4-20C0-4515-850D-9EDA52D60E0E} = {F6156D1B-A515-4F9C-BF97-9C45DB9C7BB6}
		{39958A18-4AB7-4C09-9F9F-0BB7D8337B4B} = {017AA33F-B4F1-4616-9B64-F7663E5568D3}
		{366B7520-DFF0-48F9-BB08-A02D0AD78612} = {FBEFD340-7BE2-4A7B-BE2C-16638B08C739}
		{983244BB-3306-4B28-94F7-D2879A98DF01} = {FBEFD340-7BE2-4A7B-BE2C-16638B08C739}
		{748FE335-7271-490D-ABFC-1A8CE0F0A346} = {849327E7-5137-478C-A757-5B39774E0CB5}
		{AC9B0F4F-6362-4434-AEC4-2A2E01DA32E6} = {748FE335-7271-490D-ABFC-1A8CE0F0A346}
		{B4A0651E-BF80-425B-8918-D04076FE681F} = {748FE335-7271-490D-ABFC-1A8CE0F0A346}
		{A7B6FEA0-1D28-483B-B9F9-DF09B087359C} = {849327E7-5137-478C-A757-5B39774E0CB5}
		{74FDFD51-2F52-498C-8350-906BC81DE2CB} = {A7B6FEA0-1D28-483B-B9F9-DF09B087359C}
		{07B63BA5-133F-4EC8-BCC6-2426EAB20D89} = {A7B6FEA0-1D28-483B-B9F9-DF09B087359C}
		{1F714D5D-4877-4153-96B8-ADB539117A0F} = {A7B6FEA0-1D28-483B-B9F9-DF09B087359C}
		{313B3AC5-F7C5-4952-8EFA-57020F6CA18E} = {A7B6FEA0-1D28-483B-B9F9-DF09B087359C}
		{F24185F1-9849-4F4D-8288-D12560B0A03E} = {8A2CF943-5013-405A-98A9-77AEB3F3B643}
		{48AFB49A-7C09-43F4-9AF7-546841941A4C} = {8A2CF943-5013-405A-98A9-77AEB3F3B643}
		{047EB886-99A6-4F64-8504-D08F854329F6} = {8A2CF943-5013-405A-98A9-77AEB3F3B643}
		{466865AD-5C70-4FBC-9B68-A0BB52DEE86E} = {8A2CF943-5013-405A-98A9-77AEB3F3B643}
		{C6EA1D1A-D831-414B-8E11-5806DC2BC927} = {C774167F-56C7-423D-8D22-267D76EF10C8}
		{3BBF7140-6C8A-4314-AA50-3FB871A33EB1} = {C774167F-56C7-423D-8D22-267D76EF10C8}
		{48E802D7-56E9-4C4A-8B50-FC95E1457CB9} = {849327E7-5137-478C-A757-5B39774E0CB5}
		{E224C25C-D0A6-4F2A-8416-1901FA9A74E7} = {FBEFD340-7BE2-4A7B-BE2C-16638B08C739}
		{0A0F2ACA-C288-4EEA-8F6D-2B8A87E15CE6} = {849327E7-5137-478C-A757-5B39774E0CB5}
		{2915744D-7FED-4EC1-9F04-64540A3C9C2B} = {F6156D1B-A515-4F9C-BF97-9C45DB9C7BB6}
		{C6DD8BBD-39CF-46E8-96D3-C0CEF0AFCB5E} = {F6156D1B-A515-4F9C-BF97-9C45DB9C7BB6}
		{2C35BF53-07B6-466C-9438-F491EC491DA0} = {017AA33F-B4F1-4616-9B64-F7663E5568D3}
		{BC988D10-37B2-428C-B49C-5DD1815CE654} = {FBEFD340-7BE2-4A7B-BE2C-16638B08C739}
	EndGlobalSection
	GlobalSection(ExtensibilityGlobals) = postSolution
		SolutionGuid = {3F1FA2C4-B39D-4EF2-9F26-352CC2A59436}
	EndGlobalSection
EndGlobal
