
Microsoft Visual Studio Solution File, Format Version 12.00
# Visual Studio Version 16
VisualStudioVersion = 16.0.30114.105
MinimumVisualStudioVersion = 10.0.40219.1
Project("{FAE04EC0-301F-11D3-BF4B-00C04F79EFBC}") = "EasyOpc.WinService", "EasyOpc.WinService\EasyOpc.WinService.csproj", "{3E607D19-7A8F-44A3-B49F-46CA9C6791B4}"
	ProjectSection(ProjectDependencies) = postProject
		{E74C293B-B709-4514-8289-3341EC70C053} = {E74C293B-B709-4514-8289-3341EC70C053}
	EndProjectSection
EndProject
Project("{2150E333-8FDC-42A3-9474-1A3956D46DE8}") = "EasyOpc.WinService.Core", "EasyOpc.WinService.Core", "{FBEFD340-7BE2-4A7B-BE2C-16638B08C739}"
EndProject
Project("{2150E333-8FDC-42A3-9474-1A3956D46DE8}") = "EasyOpc.WinService.Modules", "EasyOpc.WinService.Modules", "{9D16D704-B0D2-493D-AECE-B13C3E05AE6F}"
EndProject
Project("{2150E333-8FDC-42A3-9474-1A3956D46DE8}") = "EasyOpc.Common", "EasyOpc.Common", "{C774167F-56C7-423D-8D22-267D76EF10C8}"
EndProject
Project("{FAE04EC0-301F-11D3-BF4B-00C04F79EFBC}") = "EasyOpc.WinService.Core.Logger", "EasyOpc.WinService.Core\EasyOpc.WinService.Core.Logger\EasyOpc.WinService.Core.Logger.csproj", "{493473B5-5364-4A2A-BEF0-073E571858DB}"
EndProject
Project("{FAE04EC0-301F-11D3-BF4B-00C04F79EFBC}") = "EasyOpc.WinService.Core.Logger.Contract", "EasyOpc.WinService.Core\EasyOpc.WinService.Core.Logger.Contract\EasyOpc.WinService.Core.Logger.Contract.csproj", "{BBAB743C-D9D4-4415-A143-83EE82F72F9F}"
EndProject
Project("{FAE04EC0-301F-11D3-BF4B-00C04F79EFBC}") = "EasyOpc.WinService.Core.Repository.Base", "EasyOpc.WinService.Core\EasyOpc.WinService.Core.Repository.Base\EasyOpc.WinService.Core.Repository.Base.csproj", "{E74C293B-B709-4514-8289-3341EC70C053}"
EndProject
Project("{FAE04EC0-301F-11D3-BF4B-00C04F79EFBC}") = "EasyOpc.WinService.Core.Configuration", "EasyOpc.WinService.Core\EasyOpc.WinService.Core.Configuration\EasyOpc.WinService.Core.Configuration.csproj", "{A4A2BF35-92A0-4B23-8A40-FBF9A7E5BBEF}"
EndProject
Project("{FAE04EC0-301F-11D3-BF4B-00C04F79EFBC}") = "EasyOpc.WinService.Core.Configuration.Contract", "EasyOpc.WinService.Core\EasyOpc.WinService.Core.Configuration.Contract\EasyOpc.WinService.Core.Configuration.Contract.csproj", "{C99F41BD-2AEE-4539-9EEE-A71AA5DBC8BD}"
EndProject
Project("{FAE04EC0-301F-11D3-BF4B-00C04F79EFBC}") = "EasyOpc.WinService.Core.Service.Base", "EasyOpc.WinService.Core\EasyOpc.WinService.Core.Service.Base\EasyOpc.WinService.Core.Service.Base.csproj", "{75B850CB-E05E-402D-B291-D6CAA8E9F215}"
EndProject
Project("{2150E333-8FDC-42A3-9474-1A3956D46DE8}") = "EasyOpc.Contracts", "EasyOpc.Contracts", "{8A2CF943-5013-405A-98A9-77AEB3F3B643}"
EndProject
Project("{FAE04EC0-301F-11D3-BF4B-00C04F79EFBC}") = "EasyOpc.Contracts.Base", "EasyOpc.Contracts\EasyOpc.Contracts.Base\EasyOpc.Contracts.Base.csproj", "{F24185F1-9849-4F4D-8288-D12560B0A03E}"
EndProject
Project("{FAE04EC0-301F-11D3-BF4B-00C04F79EFBC}") = "EasyOpc.Contracts.Settings", "EasyOpc.Contracts\EasyOpc.Contracts.Settings\EasyOpc.Contracts.Settings.csproj", "{047EB886-99A6-4F64-8504-D08F854329F6}"
EndProject
Project("{FAE04EC0-301F-11D3-BF4B-00C04F79EFBC}") = "EasyOpc.Common.Types", "EasyOpc.Common\EasyOpc.Common.Types\EasyOpc.Common.Types.csproj", "{3BBF7140-6C8A-4314-AA50-3FB871A33EB1}"
EndProject
Project("{FAE04EC0-301F-11D3-BF4B-00C04F79EFBC}") = "EasyOpc.WinService.Core.Repository.Model", "EasyOpc.WinService.Core\EasyOpc.WinService.Core.Repository.Model\EasyOpc.WinService.Core.Repository.Model.csproj", "{E224C25C-D0A6-4F2A-8416-1901FA9A74E7}"
EndProject
Project("{2150E333-8FDC-42A3-9474-1A3956D46DE8}") = "Opc.Da", "Opc.Da", "{805C4A42-264F-45D7-B954-511D4B536F9A}"
EndProject
Project("{2150E333-8FDC-42A3-9474-1A3956D46DE8}") = "Opc.Ua", "Opc.Ua", "{FBD0F1D5-D77A-46A8-AFBA-F603F1F53335}"
EndProject
Project("{FAE04EC0-301F-11D3-BF4B-00C04F79EFBC}") = "EasyOpc.Common.Constants", "EasyOpc.Common\EasyOpc.Common.Constants\EasyOpc.Common.Constants.csproj", "{0EA48A38-F5C6-444F-A681-D30932F6D761}"
EndProject
Project("{FAE04EC0-301F-11D3-BF4B-00C04F79EFBC}") = "EasyOpc.Common.Extensions", "EasyOpc.Common\EasyOpc.Common.Extensions\EasyOpc.Common.Extensions.csproj", "{08B28D75-DCD2-4C96-8D76-6491563C7CEF}"
EndProject
Project("{FAE04EC0-301F-11D3-BF4B-00C04F79EFBC}") = "EasyOpc.WinService.Modules.Opc.Da.Repositories", "EasyOpc.WinService.Modules\Opc.Da\EasyOpc.WinService.Modules.Opc.Da.Repositories\EasyOpc.WinService.Modules.Opc.Da.Repositories.csproj", "{F7016678-5AA7-48A1-95AE-7BC6AA6EE088}"
EndProject
Project("{FAE04EC0-301F-11D3-BF4B-00C04F79EFBC}") = "EasyOpc.WinService.Modules.Opc.Da.Repositories.Contracts", "EasyOpc.WinService.Modules\Opc.Da\EasyOpc.WinService.Modules.Opc.Da.Repositories.Contracts\EasyOpc.WinService.Modules.Opc.Da.Repositories.Contracts.csproj", "{A6105A3D-4D54-460A-9E6F-445A6AB1F5BE}"
EndProject
Project("{FAE04EC0-301F-11D3-BF4B-00C04F79EFBC}") = "EasyOpc.WinService.Modules.Opc.Da.Repositories.Models", "EasyOpc.WinService.Modules\Opc.Da\EasyOpc.WinService.Modules.Opc.Da.Repositories.Models\EasyOpc.WinService.Modules.Opc.Da.Repositories.Models.csproj", "{353CEEC6-D786-42EB-B366-A41C1266F7DE}"
EndProject
Project("{FAE04EC0-301F-11D3-BF4B-00C04F79EFBC}") = "EasyOpc.WinService.Modules.Opc.Da.Services", "EasyOpc.WinService.Modules\Opc.Da\EasyOpc.WinService.Modules.Opc.Da.Services\EasyOpc.WinService.Modules.Opc.Da.Services.csproj", "{9B82B649-71E6-4161-B904-D21835EC957C}"
EndProject
Project("{FAE04EC0-301F-11D3-BF4B-00C04F79EFBC}") = "EasyOpc.WinService.Modules.Opc.Da.Services.Models", "EasyOpc.WinService.Modules\Opc.Da\EasyOpc.WinService.Modules.Opc.Da.Services.Models\EasyOpc.WinService.Modules.Opc.Da.Services.Models.csproj", "{78B0A735-4341-4389-B97C-2734A0CA2363}"
EndProject
Project("{FAE04EC0-301F-11D3-BF4B-00C04F79EFBC}") = "EasyOpc.WinService.Modules.Opc.Da.Services.Contracts", "EasyOpc.WinService.Modules\Opc.Da\EasyOpc.WinService.Modules.Opc.Da.Services.Contracts\EasyOpc.WinService.Modules.Opc.Da.Services.Contracts.csproj", "{E545A1EA-CED0-4666-BA2B-52B67472425E}"
EndProject
Project("{FAE04EC0-301F-11D3-BF4B-00C04F79EFBC}") = "EasyOpc.WinService.Modules.Opc.Da.Connector", "EasyOpc.WinService.Modules\Opc.Da\EasyOpc.WinService.Modules.Opc.Da.Connector\EasyOpc.WinService.Modules.Opc.Da.Connector.csproj", "{A1B7265C-1354-4ACB-BA46-F119D894F8C5}"
EndProject
Project("{FAE04EC0-301F-11D3-BF4B-00C04F79EFBC}") = "EasyOpc.WinService.Modules.Opc.Da.Connector.Contract", "EasyOpc.WinService.Modules\Opc.Da\EasyOpc.WinService.Modules.Opc.Da.Connector.Contract\EasyOpc.WinService.Modules.Opc.Da.Connector.Contract.csproj", "{9D2014F0-60FC-481E-A111-4A00671CA640}"
EndProject
Project("{FAE04EC0-301F-11D3-BF4B-00C04F79EFBC}") = "EasyOpc.WinService.Modules.Opc.Ua.Repositories.Models", "EasyOpc.WinService.Modules\Opc.Ua\EasyOpc.WinService.Modules.Opc.Ua.Repositories.Models\EasyOpc.WinService.Modules.Opc.Ua.Repositories.Models.csproj", "{19B059BB-B313-4961-9430-80B7106E3F00}"
EndProject
Project("{FAE04EC0-301F-11D3-BF4B-00C04F79EFBC}") = "EasyOpc.WinService.Modules.Opc.Ua.Repositories", "EasyOpc.WinService.Modules\Opc.Ua\EasyOpc.WinService.Modules.Opc.Ua.Repositories\EasyOpc.WinService.Modules.Opc.Ua.Repositories.csproj", "{D4A268F3-D91A-4896-B63B-C847DB9FDF78}"
EndProject
Project("{FAE04EC0-301F-11D3-BF4B-00C04F79EFBC}") = "EasyOpc.WinService.Modules.Opc.Ua.Repositories.Contracts", "EasyOpc.WinService.Modules\Opc.Ua\EasyOpc.WinService.Modules.Opc.Ua.Repositories.Contracts\EasyOpc.WinService.Modules.Opc.Ua.Repositories.Contracts.csproj", "{2FA4C48F-8DFE-484D-9EA2-70F49D76F4C4}"
EndProject
Project("{FAE04EC0-301F-11D3-BF4B-00C04F79EFBC}") = "EasyOpc.WinService.Modules.Opc.Ua.Services.Models", "EasyOpc.WinService.Modules\Opc.Ua\EasyOpc.WinService.Modules.Opc.Ua.Services.Models\EasyOpc.WinService.Modules.Opc.Ua.Services.Models.csproj", "{6C447D8C-C3A0-4B7A-8540-CACB5B1D022E}"
EndProject
Project("{FAE04EC0-301F-11D3-BF4B-00C04F79EFBC}") = "EasyOpc.WinService.Modules.Opc.Ua.Services.Contracts", "EasyOpc.WinService.Modules\Opc.Ua\EasyOpc.WinService.Modules.Opc.Ua.Services.Contracts\EasyOpc.WinService.Modules.Opc.Ua.Services.Contracts.csproj", "{0C904377-FAB3-46EB-8A8E-5052C2180B08}"
EndProject
Project("{FAE04EC0-301F-11D3-BF4B-00C04F79EFBC}") = "EasyOpc.WinService.Modules.Opc.Ua.Services", "EasyOpc.WinService.Modules\Opc.Ua\EasyOpc.WinService.Modules.Opc.Ua.Services\EasyOpc.WinService.Modules.Opc.Ua.Services.csproj", "{727FDE41-0351-4AFD-8DA9-6281633DE090}"
EndProject
Project("{FAE04EC0-301F-11D3-BF4B-00C04F79EFBC}") = "EasyOpc.WinService.Modules.Opc.Ua.Connector.Contract", "EasyOpc.WinService.Modules\Opc.Ua\EasyOpc.WinService.Modules.Opc.Ua.Connector.Contract\EasyOpc.WinService.Modules.Opc.Ua.Connector.Contract.csproj", "{FB679C0B-8363-4260-98B8-1F91C30533D9}"
EndProject
Project("{FAE04EC0-301F-11D3-BF4B-00C04F79EFBC}") = "EasyOpc.WinService.Modules.Opc.Ua.Connector", "EasyOpc.WinService.Modules\Opc.Ua\EasyOpc.WinService.Modules.Opc.Ua.Connector\EasyOpc.WinService.Modules.Opc.Ua.Connector.csproj", "{70D1B04E-8130-4808-B644-5ACD39C20C52}"
EndProject
Project("{FAE04EC0-301F-11D3-BF4B-00C04F79EFBC}") = "EasyOpc.Contracts.Opc.Da", "EasyOpc.Contracts\EasyOpc.Contracts.Opc.Da\EasyOpc.Contracts.Opc.Da.csproj", "{B64608D0-25AB-43F8-AB6C-05B624747348}"
EndProject
Project("{FAE04EC0-301F-11D3-BF4B-00C04F79EFBC}") = "EasyOpc.Contracts.Opc.Ua", "EasyOpc.Contracts\EasyOpc.Contracts.Opc.Ua\EasyOpc.Contracts.Opc.Ua.csproj", "{055DC2E1-B6F2-4D83-9976-8FA7747E371F}"
EndProject
Project("{2150E333-8FDC-42A3-9474-1A3956D46DE8}") = "Settings", "Settings", "{B41C4F19-1669-44B4-B82D-6836B79F354B}"
EndProject
Project("{FAE04EC0-301F-11D3-BF4B-00C04F79EFBC}") = "EasyOpc.WinService.Modules.Settings.Repositories.Models", "EasyOpc.WinService.Modules\Settings\EasyOpc.WinService.Modules.Settings.Repositories.Models\EasyOpc.WinService.Modules.Settings.Repositories.Models.csproj", "{24759ADA-7F5B-4F63-8F7C-300583AF8493}"
EndProject
Project("{FAE04EC0-301F-11D3-BF4B-00C04F79EFBC}") = "EasyOpc.WinService.Modules.Settings.Repositories.Contracts", "EasyOpc.WinService.Modules\Settings\EasyOpc.WinService.Modules.Settings.Repositories.Contracts\EasyOpc.WinService.Modules.Settings.Repositories.Contracts.csproj", "{13012883-F184-44F6-A2D8-E8355EA73597}"
EndProject
Project("{FAE04EC0-301F-11D3-BF4B-00C04F79EFBC}") = "EasyOpc.WinService.Modules.Settings.Repositories", "EasyOpc.WinService.Modules\Settings\EasyOpc.WinService.Modules.Settings.Repositories\EasyOpc.WinService.Modules.Settings.Repositories.csproj", "{DD0B72D0-8511-4937-8EC6-61749BF9FB79}"
EndProject
Project("{FAE04EC0-301F-11D3-BF4B-00C04F79EFBC}") = "EasyOpc.WinService.Modules.Settings.Services.Models", "EasyOpc.WinService.Modules\Settings\EasyOpc.WinService.Modules.Settings.Services.Models\EasyOpc.WinService.Modules.Settings.Services.Models.csproj", "{1EADB7CD-13D1-4A3D-8F6B-BBDAA8D21BDF}"
EndProject
Project("{FAE04EC0-301F-11D3-BF4B-00C04F79EFBC}") = "EasyOpc.WinService.Modules.Settings.Services.Contracts", "EasyOpc.WinService.Modules\Settings\EasyOpc.WinService.Modules.Settings.Services.Contracts\EasyOpc.WinService.Modules.Settings.Services.Contracts.csproj", "{676B2FE2-4AFE-4D93-8E7D-34FF166A5E28}"
EndProject
Project("{FAE04EC0-301F-11D3-BF4B-00C04F79EFBC}") = "EasyOpc.WinService.Modules.Settings.Services", "EasyOpc.WinService.Modules\Settings\EasyOpc.WinService.Modules.Settings.Services\EasyOpc.WinService.Modules.Settings.Services.csproj", "{F275554E-9125-4DE4-BF81-4A9A74194170}"
EndProject
Project("{FAE04EC0-301F-11D3-BF4B-00C04F79EFBC}") = "EasyOpc.WinService.Core.WorksService.Contract", "EasyOpc.WinService.Core\EasyOpc.WinService.Core.WorksService.Contract\EasyOpc.WinService.Core.WorksService.Contract.csproj", "{21ED35A8-1B66-4CBD-B777-C8B29C7D23C5}"
EndProject
Project("{FAE04EC0-301F-11D3-BF4B-00C04F79EFBC}") = "EasyOpc.WinService.Core.WorksExecutionService.Contract", "EasyOpc.WinService.Core\EasyOpc.WinService.Core.WorksExecutionService.Contract\EasyOpc.WinService.Core.WorksExecutionService.Contract.csproj", "{4F88776F-570B-4C78-A5FB-04AE90F0E746}"
EndProject
Project("{FAE04EC0-301F-11D3-BF4B-00C04F79EFBC}") = "EasyOpc.WinService.Core.WorksExecutionService", "EasyOpc.WinService.Core\EasyOpc.WinService.Core.WorksExecutionService\EasyOpc.WinService.Core.WorksExecutionService.csproj", "{02D80280-884D-469F-8654-56ECDAB90CF8}"
EndProject
Project("{FAE04EC0-301F-11D3-BF4B-00C04F79EFBC}") = "EasyOpc.WinService.Modules.Opc.Da.Works", "EasyOpc.WinService.Modules\Opc.Da\EasyOpc.WinService.Modules.Opc.Da.Works\EasyOpc.WinService.Modules.Opc.Da.Works.csproj", "{515B7EC0-48A0-41EE-9054-39FD7F0316E5}"
EndProject
Project("{FAE04EC0-301F-11D3-BF4B-00C04F79EFBC}") = "EasyOpc.WinService.Modules.Opc.Ua.Works", "EasyOpc.WinService.Modules\Opc.Ua\EasyOpc.WinService.Modules.Opc.Ua.Works\EasyOpc.WinService.Modules.Opc.Ua.Works.csproj", "{A4CD99EC-3514-4701-82DA-12E87587CDD8}"
EndProject
Project("{FAE04EC0-301F-11D3-BF4B-00C04F79EFBC}") = "EasyOpc.Common.Helpers", "EasyOpc.Common\EasyOpc.Common.Helpers\EasyOpc.Common.Helpers.csproj", "{C698F33B-A913-42D6-BFE8-19F68DCC6C5E}"
EndProject
Project("{FAE04EC0-301F-11D3-BF4B-00C04F79EFBC}") = "EasyOpc.Tests", "EasyOpc.Tests\EasyOpc.Tests.csproj", "{603FBABC-CE94-4B59-9794-EBBFB6BCFC54}"
EndProject
Global
	GlobalSection(SolutionConfigurationPlatforms) = preSolution
		Debug|Any CPU = Debug|Any CPU
		Debug|x64 = Debug|x64
		Debug|x86 = Debug|x86
		Release|Any CPU = Release|Any CPU
		Release|x64 = Release|x64
		Release|x86 = Release|x86
	EndGlobalSection
	GlobalSection(ProjectConfigurationPlatforms) = postSolution
		{3E607D19-7A8F-44A3-B49F-46CA9C6791B4}.Debug|Any CPU.ActiveCfg = Debug|Any CPU
		{3E607D19-7A8F-44A3-B49F-46CA9C6791B4}.Debug|Any CPU.Build.0 = Debug|Any CPU
		{3E607D19-7A8F-44A3-B49F-46CA9C6791B4}.Debug|x64.ActiveCfg = Debug|x64
		{3E607D19-7A8F-44A3-B49F-46CA9C6791B4}.Debug|x64.Build.0 = Debug|x64
		{3E607D19-7A8F-44A3-B49F-46CA9C6791B4}.Debug|x86.ActiveCfg = Debug|x86
		{3E607D19-7A8F-44A3-B49F-46CA9C6791B4}.Debug|x86.Build.0 = Debug|x86
		{3E607D19-7A8F-44A3-B49F-46CA9C6791B4}.Release|Any CPU.ActiveCfg = Release|Any CPU
		{3E607D19-7A8F-44A3-B49F-46CA9C6791B4}.Release|Any CPU.Build.0 = Release|Any CPU
		{3E607D19-7A8F-44A3-B49F-46CA9C6791B4}.Release|x64.ActiveCfg = Release|x64
		{3E607D19-7A8F-44A3-B49F-46CA9C6791B4}.Release|x64.Build.0 = Release|x64
		{3E607D19-7A8F-44A3-B49F-46CA9C6791B4}.Release|x86.ActiveCfg = Release|x86
		{3E607D19-7A8F-44A3-B49F-46CA9C6791B4}.Release|x86.Build.0 = Release|x86
		{493473B5-5364-4A2A-BEF0-073E571858DB}.Debug|Any CPU.ActiveCfg = Debug|Any CPU
		{493473B5-5364-4A2A-BEF0-073E571858DB}.Debug|Any CPU.Build.0 = Debug|Any CPU
		{493473B5-5364-4A2A-BEF0-073E571858DB}.Debug|x64.ActiveCfg = Debug|x64
		{493473B5-5364-4A2A-BEF0-073E571858DB}.Debug|x64.Build.0 = Debug|x64
		{493473B5-5364-4A2A-BEF0-073E571858DB}.Debug|x86.ActiveCfg = Debug|x86
		{493473B5-5364-4A2A-BEF0-073E571858DB}.Debug|x86.Build.0 = Debug|x86
		{493473B5-5364-4A2A-BEF0-073E571858DB}.Release|Any CPU.ActiveCfg = Release|Any CPU
		{493473B5-5364-4A2A-BEF0-073E571858DB}.Release|Any CPU.Build.0 = Release|Any CPU
		{493473B5-5364-4A2A-BEF0-073E571858DB}.Release|x64.ActiveCfg = Release|x64
		{493473B5-5364-4A2A-BEF0-073E571858DB}.Release|x64.Build.0 = Release|x64
		{493473B5-5364-4A2A-BEF0-073E571858DB}.Release|x86.ActiveCfg = Release|x86
		{493473B5-5364-4A2A-BEF0-073E571858DB}.Release|x86.Build.0 = Release|x86
		{BBAB743C-D9D4-4415-A143-83EE82F72F9F}.Debug|Any CPU.ActiveCfg = Debug|Any CPU
		{BBAB743C-D9D4-4415-A143-83EE82F72F9F}.Debug|Any CPU.Build.0 = Debug|Any CPU
		{BBAB743C-D9D4-4415-A143-83EE82F72F9F}.Debug|x64.ActiveCfg = Debug|x64
		{BBAB743C-D9D4-4415-A143-83EE82F72F9F}.Debug|x64.Build.0 = Debug|x64
		{BBAB743C-D9D4-4415-A143-83EE82F72F9F}.Debug|x86.ActiveCfg = Debug|x86
		{BBAB743C-D9D4-4415-A143-83EE82F72F9F}.Debug|x86.Build.0 = Debug|x86
		{BBAB743C-D9D4-4415-A143-83EE82F72F9F}.Release|Any CPU.ActiveCfg = Release|Any CPU
		{BBAB743C-D9D4-4415-A143-83EE82F72F9F}.Release|Any CPU.Build.0 = Release|Any CPU
		{BBAB743C-D9D4-4415-A143-83EE82F72F9F}.Release|x64.ActiveCfg = Release|x64
		{BBAB743C-D9D4-4415-A143-83EE82F72F9F}.Release|x64.Build.0 = Release|x64
		{BBAB743C-D9D4-4415-A143-83EE82F72F9F}.Release|x86.ActiveCfg = Release|x86
		{BBAB743C-D9D4-4415-A143-83EE82F72F9F}.Release|x86.Build.0 = Release|x86
		{E74C293B-B709-4514-8289-3341EC70C053}.Debug|Any CPU.ActiveCfg = Debug|Any CPU
		{E74C293B-B709-4514-8289-3341EC70C053}.Debug|Any CPU.Build.0 = Debug|Any CPU
		{E74C293B-B709-4514-8289-3341EC70C053}.Debug|x64.ActiveCfg = Debug|x64
		{E74C293B-B709-4514-8289-3341EC70C053}.Debug|x64.Build.0 = Debug|x64
		{E74C293B-B709-4514-8289-3341EC70C053}.Debug|x86.ActiveCfg = Debug|x86
		{E74C293B-B709-4514-8289-3341EC70C053}.Debug|x86.Build.0 = Debug|x86
		{E74C293B-B709-4514-8289-3341EC70C053}.Release|Any CPU.ActiveCfg = Release|Any CPU
		{E74C293B-B709-4514-8289-3341EC70C053}.Release|Any CPU.Build.0 = Release|Any CPU
		{E74C293B-B709-4514-8289-3341EC70C053}.Release|x64.ActiveCfg = Release|x64
		{E74C293B-B709-4514-8289-3341EC70C053}.Release|x64.Build.0 = Release|x64
		{E74C293B-B709-4514-8289-3341EC70C053}.Release|x86.ActiveCfg = Release|x86
		{E74C293B-B709-4514-8289-3341EC70C053}.Release|x86.Build.0 = Release|x86
		{A4A2BF35-92A0-4B23-8A40-FBF9A7E5BBEF}.Debug|Any CPU.ActiveCfg = Debug|Any CPU
		{A4A2BF35-92A0-4B23-8A40-FBF9A7E5BBEF}.Debug|Any CPU.Build.0 = Debug|Any CPU
		{A4A2BF35-92A0-4B23-8A40-FBF9A7E5BBEF}.Debug|x64.ActiveCfg = Debug|x64
		{A4A2BF35-92A0-4B23-8A40-FBF9A7E5BBEF}.Debug|x64.Build.0 = Debug|x64
		{A4A2BF35-92A0-4B23-8A40-FBF9A7E5BBEF}.Debug|x86.ActiveCfg = Debug|x86
		{A4A2BF35-92A0-4B23-8A40-FBF9A7E5BBEF}.Debug|x86.Build.0 = Debug|x86
		{A4A2BF35-92A0-4B23-8A40-FBF9A7E5BBEF}.Release|Any CPU.ActiveCfg = Release|Any CPU
		{A4A2BF35-92A0-4B23-8A40-FBF9A7E5BBEF}.Release|Any CPU.Build.0 = Release|Any CPU
		{A4A2BF35-92A0-4B23-8A40-FBF9A7E5BBEF}.Release|x64.ActiveCfg = Release|x64
		{A4A2BF35-92A0-4B23-8A40-FBF9A7E5BBEF}.Release|x64.Build.0 = Release|x64
		{A4A2BF35-92A0-4B23-8A40-FBF9A7E5BBEF}.Release|x86.ActiveCfg = Release|x86
		{A4A2BF35-92A0-4B23-8A40-FBF9A7E5BBEF}.Release|x86.Build.0 = Release|x86
		{C99F41BD-2AEE-4539-9EEE-A71AA5DBC8BD}.Debug|Any CPU.ActiveCfg = Debug|Any CPU
		{C99F41BD-2AEE-4539-9EEE-A71AA5DBC8BD}.Debug|Any CPU.Build.0 = Debug|Any CPU
		{C99F41BD-2AEE-4539-9EEE-A71AA5DBC8BD}.Debug|x64.ActiveCfg = Debug|x64
		{C99F41BD-2AEE-4539-9EEE-A71AA5DBC8BD}.Debug|x64.Build.0 = Debug|x64
		{C99F41BD-2AEE-4539-9EEE-A71AA5DBC8BD}.Debug|x86.ActiveCfg = Debug|x86
		{C99F41BD-2AEE-4539-9EEE-A71AA5DBC8BD}.Debug|x86.Build.0 = Debug|x86
		{C99F41BD-2AEE-4539-9EEE-A71AA5DBC8BD}.Release|Any CPU.ActiveCfg = Release|Any CPU
		{C99F41BD-2AEE-4539-9EEE-A71AA5DBC8BD}.Release|Any CPU.Build.0 = Release|Any CPU
		{C99F41BD-2AEE-4539-9EEE-A71AA5DBC8BD}.Release|x64.ActiveCfg = Release|x64
		{C99F41BD-2AEE-4539-9EEE-A71AA5DBC8BD}.Release|x64.Build.0 = Release|x64
		{C99F41BD-2AEE-4539-9EEE-A71AA5DBC8BD}.Release|x86.ActiveCfg = Release|x86
		{C99F41BD-2AEE-4539-9EEE-A71AA5DBC8BD}.Release|x86.Build.0 = Release|x86
		{75B850CB-E05E-402D-B291-D6CAA8E9F215}.Debug|Any CPU.ActiveCfg = Debug|Any CPU
		{75B850CB-E05E-402D-B291-D6CAA8E9F215}.Debug|Any CPU.Build.0 = Debug|Any CPU
		{75B850CB-E05E-402D-B291-D6CAA8E9F215}.Debug|x64.ActiveCfg = Debug|x64
		{75B850CB-E05E-402D-B291-D6CAA8E9F215}.Debug|x64.Build.0 = Debug|x64
		{75B850CB-E05E-402D-B291-D6CAA8E9F215}.Debug|x86.ActiveCfg = Debug|x86
		{75B850CB-E05E-402D-B291-D6CAA8E9F215}.Debug|x86.Build.0 = Debug|x86
		{75B850CB-E05E-402D-B291-D6CAA8E9F215}.Release|Any CPU.ActiveCfg = Release|Any CPU
		{75B850CB-E05E-402D-B291-D6CAA8E9F215}.Release|Any CPU.Build.0 = Release|Any CPU
		{75B850CB-E05E-402D-B291-D6CAA8E9F215}.Release|x64.ActiveCfg = Release|x64
		{75B850CB-E05E-402D-B291-D6CAA8E9F215}.Release|x64.Build.0 = Release|x64
		{75B850CB-E05E-402D-B291-D6CAA8E9F215}.Release|x86.ActiveCfg = Release|x86
		{75B850CB-E05E-402D-B291-D6CAA8E9F215}.Release|x86.Build.0 = Release|x86
		{F24185F1-9849-4F4D-8288-D12560B0A03E}.Debug|Any CPU.ActiveCfg = Debug|Any CPU
		{F24185F1-9849-4F4D-8288-D12560B0A03E}.Debug|Any CPU.Build.0 = Debug|Any CPU
		{F24185F1-9849-4F4D-8288-D12560B0A03E}.Debug|x64.ActiveCfg = Debug|Any CPU
		{F24185F1-9849-4F4D-8288-D12560B0A03E}.Debug|x64.Build.0 = Debug|Any CPU
		{F24185F1-9849-4F4D-8288-D12560B0A03E}.Debug|x86.ActiveCfg = Debug|Any CPU
		{F24185F1-9849-4F4D-8288-D12560B0A03E}.Debug|x86.Build.0 = Debug|Any CPU
		{F24185F1-9849-4F4D-8288-D12560B0A03E}.Release|Any CPU.ActiveCfg = Release|Any CPU
		{F24185F1-9849-4F4D-8288-D12560B0A03E}.Release|Any CPU.Build.0 = Release|Any CPU
		{F24185F1-9849-4F4D-8288-D12560B0A03E}.Release|x64.ActiveCfg = Release|Any CPU
		{F24185F1-9849-4F4D-8288-D12560B0A03E}.Release|x64.Build.0 = Release|Any CPU
		{F24185F1-9849-4F4D-8288-D12560B0A03E}.Release|x86.ActiveCfg = Release|Any CPU
		{F24185F1-9849-4F4D-8288-D12560B0A03E}.Release|x86.Build.0 = Release|Any CPU
		{047EB886-99A6-4F64-8504-D08F854329F6}.Debug|Any CPU.ActiveCfg = Debug|Any CPU
		{047EB886-99A6-4F64-8504-D08F854329F6}.Debug|Any CPU.Build.0 = Debug|Any CPU
		{047EB886-99A6-4F64-8504-D08F854329F6}.Debug|x64.ActiveCfg = Debug|Any CPU
		{047EB886-99A6-4F64-8504-D08F854329F6}.Debug|x64.Build.0 = Debug|Any CPU
		{047EB886-99A6-4F64-8504-D08F854329F6}.Debug|x86.ActiveCfg = Debug|Any CPU
		{047EB886-99A6-4F64-8504-D08F854329F6}.Debug|x86.Build.0 = Debug|Any CPU
		{047EB886-99A6-4F64-8504-D08F854329F6}.Release|Any CPU.ActiveCfg = Release|Any CPU
		{047EB886-99A6-4F64-8504-D08F854329F6}.Release|Any CPU.Build.0 = Release|Any CPU
		{047EB886-99A6-4F64-8504-D08F854329F6}.Release|x64.ActiveCfg = Release|Any CPU
		{047EB886-99A6-4F64-8504-D08F854329F6}.Release|x64.Build.0 = Release|Any CPU
		{047EB886-99A6-4F64-8504-D08F854329F6}.Release|x86.ActiveCfg = Release|Any CPU
		{047EB886-99A6-4F64-8504-D08F854329F6}.Release|x86.Build.0 = Release|Any CPU
		{3BBF7140-6C8A-4314-AA50-3FB871A33EB1}.Debug|Any CPU.ActiveCfg = Debug|Any CPU
		{3BBF7140-6C8A-4314-AA50-3FB871A33EB1}.Debug|Any CPU.Build.0 = Debug|Any CPU
		{3BBF7140-6C8A-4314-AA50-3FB871A33EB1}.Debug|x64.ActiveCfg = Debug|Any CPU
		{3BBF7140-6C8A-4314-AA50-3FB871A33EB1}.Debug|x64.Build.0 = Debug|Any CPU
		{3BBF7140-6C8A-4314-AA50-3FB871A33EB1}.Debug|x86.ActiveCfg = Debug|Any CPU
		{3BBF7140-6C8A-4314-AA50-3FB871A33EB1}.Debug|x86.Build.0 = Debug|Any CPU
		{3BBF7140-6C8A-4314-AA50-3FB871A33EB1}.Release|Any CPU.ActiveCfg = Release|Any CPU
		{3BBF7140-6C8A-4314-AA50-3FB871A33EB1}.Release|Any CPU.Build.0 = Release|Any CPU
		{3BBF7140-6C8A-4314-AA50-3FB871A33EB1}.Release|x64.ActiveCfg = Release|Any CPU
		{3BBF7140-6C8A-4314-AA50-3FB871A33EB1}.Release|x64.Build.0 = Release|Any CPU
		{3BBF7140-6C8A-4314-AA50-3FB871A33EB1}.Release|x86.ActiveCfg = Release|Any CPU
		{3BBF7140-6C8A-4314-AA50-3FB871A33EB1}.Release|x86.Build.0 = Release|Any CPU
		{E224C25C-D0A6-4F2A-8416-1901FA9A74E7}.Debug|Any CPU.ActiveCfg = Debug|Any CPU
		{E224C25C-D0A6-4F2A-8416-1901FA9A74E7}.Debug|Any CPU.Build.0 = Debug|Any CPU
		{E224C25C-D0A6-4F2A-8416-1901FA9A74E7}.Debug|x64.ActiveCfg = Debug|Any CPU
		{E224C25C-D0A6-4F2A-8416-1901FA9A74E7}.Debug|x64.Build.0 = Debug|Any CPU
		{E224C25C-D0A6-4F2A-8416-1901FA9A74E7}.Debug|x86.ActiveCfg = Debug|Any CPU
		{E224C25C-D0A6-4F2A-8416-1901FA9A74E7}.Debug|x86.Build.0 = Debug|Any CPU
		{E224C25C-D0A6-4F2A-8416-1901FA9A74E7}.Release|Any CPU.ActiveCfg = Release|Any CPU
		{E224C25C-D0A6-4F2A-8416-1901FA9A74E7}.Release|Any CPU.Build.0 = Release|Any CPU
		{E224C25C-D0A6-4F2A-8416-1901FA9A74E7}.Release|x64.ActiveCfg = Release|Any CPU
		{E224C25C-D0A6-4F2A-8416-1901FA9A74E7}.Release|x64.Build.0 = Release|Any CPU
		{E224C25C-D0A6-4F2A-8416-1901FA9A74E7}.Release|x86.ActiveCfg = Release|Any CPU
		{E224C25C-D0A6-4F2A-8416-1901FA9A74E7}.Release|x86.Build.0 = Release|Any CPU
		{0EA48A38-F5C6-444F-A681-D30932F6D761}.Debug|Any CPU.ActiveCfg = Debug|Any CPU
		{0EA48A38-F5C6-444F-A681-D30932F6D761}.Debug|Any CPU.Build.0 = Debug|Any CPU
		{0EA48A38-F5C6-444F-A681-D30932F6D761}.Debug|x64.ActiveCfg = Debug|Any CPU
		{0EA48A38-F5C6-444F-A681-D30932F6D761}.Debug|x64.Build.0 = Debug|Any CPU
		{0EA48A38-F5C6-444F-A681-D30932F6D761}.Debug|x86.ActiveCfg = Debug|Any CPU
		{0EA48A38-F5C6-444F-A681-D30932F6D761}.Debug|x86.Build.0 = Debug|Any CPU
		{0EA48A38-F5C6-444F-A681-D30932F6D761}.Release|Any CPU.ActiveCfg = Release|Any CPU
		{0EA48A38-F5C6-444F-A681-D30932F6D761}.Release|Any CPU.Build.0 = Release|Any CPU
		{0EA48A38-F5C6-444F-A681-D30932F6D761}.Release|x64.ActiveCfg = Release|Any CPU
		{0EA48A38-F5C6-444F-A681-D30932F6D761}.Release|x64.Build.0 = Release|Any CPU
		{0EA48A38-F5C6-444F-A681-D30932F6D761}.Release|x86.ActiveCfg = Release|Any CPU
		{0EA48A38-F5C6-444F-A681-D30932F6D761}.Release|x86.Build.0 = Release|Any CPU
		{08B28D75-DCD2-4C96-8D76-6491563C7CEF}.Debug|Any CPU.ActiveCfg = Debug|Any CPU
		{08B28D75-DCD2-4C96-8D76-6491563C7CEF}.Debug|Any CPU.Build.0 = Debug|Any CPU
		{08B28D75-DCD2-4C96-8D76-6491563C7CEF}.Debug|x64.ActiveCfg = Debug|Any CPU
		{08B28D75-DCD2-4C96-8D76-6491563C7CEF}.Debug|x64.Build.0 = Debug|Any CPU
		{08B28D75-DCD2-4C96-8D76-6491563C7CEF}.Debug|x86.ActiveCfg = Debug|Any CPU
		{08B28D75-DCD2-4C96-8D76-6491563C7CEF}.Debug|x86.Build.0 = Debug|Any CPU
		{08B28D75-DCD2-4C96-8D76-6491563C7CEF}.Release|Any CPU.ActiveCfg = Release|Any CPU
		{08B28D75-DCD2-4C96-8D76-6491563C7CEF}.Release|Any CPU.Build.0 = Release|Any CPU
		{08B28D75-DCD2-4C96-8D76-6491563C7CEF}.Release|x64.ActiveCfg = Release|Any CPU
		{08B28D75-DCD2-4C96-8D76-6491563C7CEF}.Release|x64.Build.0 = Release|Any CPU
		{08B28D75-DCD2-4C96-8D76-6491563C7CEF}.Release|x86.ActiveCfg = Release|Any CPU
		{08B28D75-DCD2-4C96-8D76-6491563C7CEF}.Release|x86.Build.0 = Release|Any CPU
		{F7016678-5AA7-48A1-95AE-7BC6AA6EE088}.Debug|Any CPU.ActiveCfg = Debug|Any CPU
		{F7016678-5AA7-48A1-95AE-7BC6AA6EE088}.Debug|Any CPU.Build.0 = Debug|Any CPU
		{F7016678-5AA7-48A1-95AE-7BC6AA6EE088}.Debug|x64.ActiveCfg = Debug|Any CPU
		{F7016678-5AA7-48A1-95AE-7BC6AA6EE088}.Debug|x64.Build.0 = Debug|Any CPU
		{F7016678-5AA7-48A1-95AE-7BC6AA6EE088}.Debug|x86.ActiveCfg = Debug|Any CPU
		{F7016678-5AA7-48A1-95AE-7BC6AA6EE088}.Debug|x86.Build.0 = Debug|Any CPU
		{F7016678-5AA7-48A1-95AE-7BC6AA6EE088}.Release|Any CPU.ActiveCfg = Release|Any CPU
		{F7016678-5AA7-48A1-95AE-7BC6AA6EE088}.Release|Any CPU.Build.0 = Release|Any CPU
		{F7016678-5AA7-48A1-95AE-7BC6AA6EE088}.Release|x64.ActiveCfg = Release|Any CPU
		{F7016678-5AA7-48A1-95AE-7BC6AA6EE088}.Release|x64.Build.0 = Release|Any CPU
		{F7016678-5AA7-48A1-95AE-7BC6AA6EE088}.Release|x86.ActiveCfg = Release|Any CPU
		{F7016678-5AA7-48A1-95AE-7BC6AA6EE088}.Release|x86.Build.0 = Release|Any CPU
		{A6105A3D-4D54-460A-9E6F-445A6AB1F5BE}.Debug|Any CPU.ActiveCfg = Debug|Any CPU
		{A6105A3D-4D54-460A-9E6F-445A6AB1F5BE}.Debug|Any CPU.Build.0 = Debug|Any CPU
		{A6105A3D-4D54-460A-9E6F-445A6AB1F5BE}.Debug|x64.ActiveCfg = Debug|Any CPU
		{A6105A3D-4D54-460A-9E6F-445A6AB1F5BE}.Debug|x64.Build.0 = Debug|Any CPU
		{A6105A3D-4D54-460A-9E6F-445A6AB1F5BE}.Debug|x86.ActiveCfg = Debug|Any CPU
		{A6105A3D-4D54-460A-9E6F-445A6AB1F5BE}.Debug|x86.Build.0 = Debug|Any CPU
		{A6105A3D-4D54-460A-9E6F-445A6AB1F5BE}.Release|Any CPU.ActiveCfg = Release|Any CPU
		{A6105A3D-4D54-460A-9E6F-445A6AB1F5BE}.Release|Any CPU.Build.0 = Release|Any CPU
		{A6105A3D-4D54-460A-9E6F-445A6AB1F5BE}.Release|x64.ActiveCfg = Release|Any CPU
		{A6105A3D-4D54-460A-9E6F-445A6AB1F5BE}.Release|x64.Build.0 = Release|Any CPU
		{A6105A3D-4D54-460A-9E6F-445A6AB1F5BE}.Release|x86.ActiveCfg = Release|Any CPU
		{A6105A3D-4D54-460A-9E6F-445A6AB1F5BE}.Release|x86.Build.0 = Release|Any CPU
		{353CEEC6-D786-42EB-B366-A41C1266F7DE}.Debug|Any CPU.ActiveCfg = Debug|Any CPU
		{353CEEC6-D786-42EB-B366-A41C1266F7DE}.Debug|Any CPU.Build.0 = Debug|Any CPU
		{353CEEC6-D786-42EB-B366-A41C1266F7DE}.Debug|x64.ActiveCfg = Debug|Any CPU
		{353CEEC6-D786-42EB-B366-A41C1266F7DE}.Debug|x64.Build.0 = Debug|Any CPU
		{353CEEC6-D786-42EB-B366-A41C1266F7DE}.Debug|x86.ActiveCfg = Debug|Any CPU
		{353CEEC6-D786-42EB-B366-A41C1266F7DE}.Debug|x86.Build.0 = Debug|Any CPU
		{353CEEC6-D786-42EB-B366-A41C1266F7DE}.Release|Any CPU.ActiveCfg = Release|Any CPU
		{353CEEC6-D786-42EB-B366-A41C1266F7DE}.Release|Any CPU.Build.0 = Release|Any CPU
		{353CEEC6-D786-42EB-B366-A41C1266F7DE}.Release|x64.ActiveCfg = Release|Any CPU
		{353CEEC6-D786-42EB-B366-A41C1266F7DE}.Release|x64.Build.0 = Release|Any CPU
		{353CEEC6-D786-42EB-B366-A41C1266F7DE}.Release|x86.ActiveCfg = Release|Any CPU
		{353CEEC6-D786-42EB-B366-A41C1266F7DE}.Release|x86.Build.0 = Release|Any CPU
		{9B82B649-71E6-4161-B904-D21835EC957C}.Debug|Any CPU.ActiveCfg = Debug|Any CPU
		{9B82B649-71E6-4161-B904-D21835EC957C}.Debug|Any CPU.Build.0 = Debug|Any CPU
		{9B82B649-71E6-4161-B904-D21835EC957C}.Debug|x64.ActiveCfg = Debug|Any CPU
		{9B82B649-71E6-4161-B904-D21835EC957C}.Debug|x64.Build.0 = Debug|Any CPU
		{9B82B649-71E6-4161-B904-D21835EC957C}.Debug|x86.ActiveCfg = Debug|Any CPU
		{9B82B649-71E6-4161-B904-D21835EC957C}.Debug|x86.Build.0 = Debug|Any CPU
		{9B82B649-71E6-4161-B904-D21835EC957C}.Release|Any CPU.ActiveCfg = Release|Any CPU
		{9B82B649-71E6-4161-B904-D21835EC957C}.Release|Any CPU.Build.0 = Release|Any CPU
		{9B82B649-71E6-4161-B904-D21835EC957C}.Release|x64.ActiveCfg = Release|Any CPU
		{9B82B649-71E6-4161-B904-D21835EC957C}.Release|x64.Build.0 = Release|Any CPU
		{9B82B649-71E6-4161-B904-D21835EC957C}.Release|x86.ActiveCfg = Release|Any CPU
		{9B82B649-71E6-4161-B904-D21835EC957C}.Release|x86.Build.0 = Release|Any CPU
		{78B0A735-4341-4389-B97C-2734A0CA2363}.Debug|Any CPU.ActiveCfg = Debug|Any CPU
		{78B0A735-4341-4389-B97C-2734A0CA2363}.Debug|Any CPU.Build.0 = Debug|Any CPU
		{78B0A735-4341-4389-B97C-2734A0CA2363}.Debug|x64.ActiveCfg = Debug|Any CPU
		{78B0A735-4341-4389-B97C-2734A0CA2363}.Debug|x64.Build.0 = Debug|Any CPU
		{78B0A735-4341-4389-B97C-2734A0CA2363}.Debug|x86.ActiveCfg = Debug|Any CPU
		{78B0A735-4341-4389-B97C-2734A0CA2363}.Debug|x86.Build.0 = Debug|Any CPU
		{78B0A735-4341-4389-B97C-2734A0CA2363}.Release|Any CPU.ActiveCfg = Release|Any CPU
		{78B0A735-4341-4389-B97C-2734A0CA2363}.Release|Any CPU.Build.0 = Release|Any CPU
		{78B0A735-4341-4389-B97C-2734A0CA2363}.Release|x64.ActiveCfg = Release|Any CPU
		{78B0A735-4341-4389-B97C-2734A0CA2363}.Release|x64.Build.0 = Release|Any CPU
		{78B0A735-4341-4389-B97C-2734A0CA2363}.Release|x86.ActiveCfg = Release|Any CPU
		{78B0A735-4341-4389-B97C-2734A0CA2363}.Release|x86.Build.0 = Release|Any CPU
		{E545A1EA-CED0-4666-BA2B-52B67472425E}.Debug|Any CPU.ActiveCfg = Debug|Any CPU
		{E545A1EA-CED0-4666-BA2B-52B67472425E}.Debug|Any CPU.Build.0 = Debug|Any CPU
		{E545A1EA-CED0-4666-BA2B-52B67472425E}.Debug|x64.ActiveCfg = Debug|Any CPU
		{E545A1EA-CED0-4666-BA2B-52B67472425E}.Debug|x64.Build.0 = Debug|Any CPU
		{E545A1EA-CED0-4666-BA2B-52B67472425E}.Debug|x86.ActiveCfg = Debug|Any CPU
		{E545A1EA-CED0-4666-BA2B-52B67472425E}.Debug|x86.Build.0 = Debug|Any CPU
		{E545A1EA-CED0-4666-BA2B-52B67472425E}.Release|Any CPU.ActiveCfg = Release|Any CPU
		{E545A1EA-CED0-4666-BA2B-52B67472425E}.Release|Any CPU.Build.0 = Release|Any CPU
		{E545A1EA-CED0-4666-BA2B-52B67472425E}.Release|x64.ActiveCfg = Release|Any CPU
		{E545A1EA-CED0-4666-BA2B-52B67472425E}.Release|x64.Build.0 = Release|Any CPU
		{E545A1EA-CED0-4666-BA2B-52B67472425E}.Release|x86.ActiveCfg = Release|Any CPU
		{E545A1EA-CED0-4666-BA2B-52B67472425E}.Release|x86.Build.0 = Release|Any CPU
		{A1B7265C-1354-4ACB-BA46-F119D894F8C5}.Debug|Any CPU.ActiveCfg = Debug|Any CPU
		{A1B7265C-1354-4ACB-BA46-F119D894F8C5}.Debug|Any CPU.Build.0 = Debug|Any CPU
		{A1B7265C-1354-4ACB-BA46-F119D894F8C5}.Debug|x64.ActiveCfg = Debug|Any CPU
		{A1B7265C-1354-4ACB-BA46-F119D894F8C5}.Debug|x64.Build.0 = Debug|Any CPU
		{A1B7265C-1354-4ACB-BA46-F119D894F8C5}.Debug|x86.ActiveCfg = Debug|Any CPU
		{A1B7265C-1354-4ACB-BA46-F119D894F8C5}.Debug|x86.Build.0 = Debug|Any CPU
		{A1B7265C-1354-4ACB-BA46-F119D894F8C5}.Release|Any CPU.ActiveCfg = Release|Any CPU
		{A1B7265C-1354-4ACB-BA46-F119D894F8C5}.Release|Any CPU.Build.0 = Release|Any CPU
		{A1B7265C-1354-4ACB-BA46-F119D894F8C5}.Release|x64.ActiveCfg = Release|Any CPU
		{A1B7265C-1354-4ACB-BA46-F119D894F8C5}.Release|x64.Build.0 = Release|Any CPU
		{A1B7265C-1354-4ACB-BA46-F119D894F8C5}.Release|x86.ActiveCfg = Release|Any CPU
		{A1B7265C-1354-4ACB-BA46-F119D894F8C5}.Release|x86.Build.0 = Release|Any CPU
		{9D2014F0-60FC-481E-A111-4A00671CA640}.Debug|Any CPU.ActiveCfg = Debug|Any CPU
		{9D2014F0-60FC-481E-A111-4A00671CA640}.Debug|Any CPU.Build.0 = Debug|Any CPU
		{9D2014F0-60FC-481E-A111-4A00671CA640}.Debug|x64.ActiveCfg = Debug|Any CPU
		{9D2014F0-60FC-481E-A111-4A00671CA640}.Debug|x64.Build.0 = Debug|Any CPU
		{9D2014F0-60FC-481E-A111-4A00671CA640}.Debug|x86.ActiveCfg = Debug|Any CPU
		{9D2014F0-60FC-481E-A111-4A00671CA640}.Debug|x86.Build.0 = Debug|Any CPU
		{9D2014F0-60FC-481E-A111-4A00671CA640}.Release|Any CPU.ActiveCfg = Release|Any CPU
		{9D2014F0-60FC-481E-A111-4A00671CA640}.Release|Any CPU.Build.0 = Release|Any CPU
		{9D2014F0-60FC-481E-A111-4A00671CA640}.Release|x64.ActiveCfg = Release|Any CPU
		{9D2014F0-60FC-481E-A111-4A00671CA640}.Release|x64.Build.0 = Release|Any CPU
		{9D2014F0-60FC-481E-A111-4A00671CA640}.Release|x86.ActiveCfg = Release|Any CPU
		{9D2014F0-60FC-481E-A111-4A00671CA640}.Release|x86.Build.0 = Release|Any CPU
		{19B059BB-B313-4961-9430-80B7106E3F00}.Debug|Any CPU.ActiveCfg = Debug|Any CPU
		{19B059BB-B313-4961-9430-80B7106E3F00}.Debug|Any CPU.Build.0 = Debug|Any CPU
		{19B059BB-B313-4961-9430-80B7106E3F00}.Debug|x64.ActiveCfg = Debug|Any CPU
		{19B059BB-B313-4961-9430-80B7106E3F00}.Debug|x64.Build.0 = Debug|Any CPU
		{19B059BB-B313-4961-9430-80B7106E3F00}.Debug|x86.ActiveCfg = Debug|Any CPU
		{19B059BB-B313-4961-9430-80B7106E3F00}.Debug|x86.Build.0 = Debug|Any CPU
		{19B059BB-B313-4961-9430-80B7106E3F00}.Release|Any CPU.ActiveCfg = Release|Any CPU
		{19B059BB-B313-4961-9430-80B7106E3F00}.Release|Any CPU.Build.0 = Release|Any CPU
		{19B059BB-B313-4961-9430-80B7106E3F00}.Release|x64.ActiveCfg = Release|Any CPU
		{19B059BB-B313-4961-9430-80B7106E3F00}.Release|x64.Build.0 = Release|Any CPU
		{19B059BB-B313-4961-9430-80B7106E3F00}.Release|x86.ActiveCfg = Release|Any CPU
		{19B059BB-B313-4961-9430-80B7106E3F00}.Release|x86.Build.0 = Release|Any CPU
		{D4A268F3-D91A-4896-B63B-C847DB9FDF78}.Debug|Any CPU.ActiveCfg = Debug|Any CPU
		{D4A268F3-D91A-4896-B63B-C847DB9FDF78}.Debug|Any CPU.Build.0 = Debug|Any CPU
		{D4A268F3-D91A-4896-B63B-C847DB9FDF78}.Debug|x64.ActiveCfg = Debug|Any CPU
		{D4A268F3-D91A-4896-B63B-C847DB9FDF78}.Debug|x64.Build.0 = Debug|Any CPU
		{D4A268F3-D91A-4896-B63B-C847DB9FDF78}.Debug|x86.ActiveCfg = Debug|Any CPU
		{D4A268F3-D91A-4896-B63B-C847DB9FDF78}.Debug|x86.Build.0 = Debug|Any CPU
		{D4A268F3-D91A-4896-B63B-C847DB9FDF78}.Release|Any CPU.ActiveCfg = Release|Any CPU
		{D4A268F3-D91A-4896-B63B-C847DB9FDF78}.Release|Any CPU.Build.0 = Release|Any CPU
		{D4A268F3-D91A-4896-B63B-C847DB9FDF78}.Release|x64.ActiveCfg = Release|Any CPU
		{D4A268F3-D91A-4896-B63B-C847DB9FDF78}.Release|x64.Build.0 = Release|Any CPU
		{D4A268F3-D91A-4896-B63B-C847DB9FDF78}.Release|x86.ActiveCfg = Release|Any CPU
		{D4A268F3-D91A-4896-B63B-C847DB9FDF78}.Release|x86.Build.0 = Release|Any CPU
		{2FA4C48F-8DFE-484D-9EA2-70F49D76F4C4}.Debug|Any CPU.ActiveCfg = Debug|Any CPU
		{2FA4C48F-8DFE-484D-9EA2-70F49D76F4C4}.Debug|Any CPU.Build.0 = Debug|Any CPU
		{2FA4C48F-8DFE-484D-9EA2-70F49D76F4C4}.Debug|x64.ActiveCfg = Debug|Any CPU
		{2FA4C48F-8DFE-484D-9EA2-70F49D76F4C4}.Debug|x64.Build.0 = Debug|Any CPU
		{2FA4C48F-8DFE-484D-9EA2-70F49D76F4C4}.Debug|x86.ActiveCfg = Debug|Any CPU
		{2FA4C48F-8DFE-484D-9EA2-70F49D76F4C4}.Debug|x86.Build.0 = Debug|Any CPU
		{2FA4C48F-8DFE-484D-9EA2-70F49D76F4C4}.Release|Any CPU.ActiveCfg = Release|Any CPU
		{2FA4C48F-8DFE-484D-9EA2-70F49D76F4C4}.Release|Any CPU.Build.0 = Release|Any CPU
		{2FA4C48F-8DFE-484D-9EA2-70F49D76F4C4}.Release|x64.ActiveCfg = Release|Any CPU
		{2FA4C48F-8DFE-484D-9EA2-70F49D76F4C4}.Release|x64.Build.0 = Release|Any CPU
		{2FA4C48F-8DFE-484D-9EA2-70F49D76F4C4}.Release|x86.ActiveCfg = Release|Any CPU
		{2FA4C48F-8DFE-484D-9EA2-70F49D76F4C4}.Release|x86.Build.0 = Release|Any CPU
		{6C447D8C-C3A0-4B7A-8540-CACB5B1D022E}.Debug|Any CPU.ActiveCfg = Debug|Any CPU
		{6C447D8C-C3A0-4B7A-8540-CACB5B1D022E}.Debug|Any CPU.Build.0 = Debug|Any CPU
		{6C447D8C-C3A0-4B7A-8540-CACB5B1D022E}.Debug|x64.ActiveCfg = Debug|Any CPU
		{6C447D8C-C3A0-4B7A-8540-CACB5B1D022E}.Debug|x64.Build.0 = Debug|Any CPU
		{6C447D8C-C3A0-4B7A-8540-CACB5B1D022E}.Debug|x86.ActiveCfg = Debug|Any CPU
		{6C447D8C-C3A0-4B7A-8540-CACB5B1D022E}.Debug|x86.Build.0 = Debug|Any CPU
		{6C447D8C-C3A0-4B7A-8540-CACB5B1D022E}.Release|Any CPU.ActiveCfg = Release|Any CPU
		{6C447D8C-C3A0-4B7A-8540-CACB5B1D022E}.Release|Any CPU.Build.0 = Release|Any CPU
		{6C447D8C-C3A0-4B7A-8540-CACB5B1D022E}.Release|x64.ActiveCfg = Release|Any CPU
		{6C447D8C-C3A0-4B7A-8540-CACB5B1D022E}.Release|x64.Build.0 = Release|Any CPU
		{6C447D8C-C3A0-4B7A-8540-CACB5B1D022E}.Release|x86.ActiveCfg = Release|Any CPU
		{6C447D8C-C3A0-4B7A-8540-CACB5B1D022E}.Release|x86.Build.0 = Release|Any CPU
		{0C904377-FAB3-46EB-8A8E-5052C2180B08}.Debug|Any CPU.ActiveCfg = Debug|Any CPU
		{0C904377-FAB3-46EB-8A8E-5052C2180B08}.Debug|Any CPU.Build.0 = Debug|Any CPU
		{0C904377-FAB3-46EB-8A8E-5052C2180B08}.Debug|x64.ActiveCfg = Debug|Any CPU
		{0C904377-FAB3-46EB-8A8E-5052C2180B08}.Debug|x64.Build.0 = Debug|Any CPU
		{0C904377-FAB3-46EB-8A8E-5052C2180B08}.Debug|x86.ActiveCfg = Debug|Any CPU
		{0C904377-FAB3-46EB-8A8E-5052C2180B08}.Debug|x86.Build.0 = Debug|Any CPU
		{0C904377-FAB3-46EB-8A8E-5052C2180B08}.Release|Any CPU.ActiveCfg = Release|Any CPU
		{0C904377-FAB3-46EB-8A8E-5052C2180B08}.Release|Any CPU.Build.0 = Release|Any CPU
		{0C904377-FAB3-46EB-8A8E-5052C2180B08}.Release|x64.ActiveCfg = Release|Any CPU
		{0C904377-FAB3-46EB-8A8E-5052C2180B08}.Release|x64.Build.0 = Release|Any CPU
		{0C904377-FAB3-46EB-8A8E-5052C2180B08}.Release|x86.ActiveCfg = Release|Any CPU
		{0C904377-FAB3-46EB-8A8E-5052C2180B08}.Release|x86.Build.0 = Release|Any CPU
		{727FDE41-0351-4AFD-8DA9-6281633DE090}.Debug|Any CPU.ActiveCfg = Debug|Any CPU
		{727FDE41-0351-4AFD-8DA9-6281633DE090}.Debug|Any CPU.Build.0 = Debug|Any CPU
		{727FDE41-0351-4AFD-8DA9-6281633DE090}.Debug|x64.ActiveCfg = Debug|Any CPU
		{727FDE41-0351-4AFD-8DA9-6281633DE090}.Debug|x64.Build.0 = Debug|Any CPU
		{727FDE41-0351-4AFD-8DA9-6281633DE090}.Debug|x86.ActiveCfg = Debug|Any CPU
		{727FDE41-0351-4AFD-8DA9-6281633DE090}.Debug|x86.Build.0 = Debug|Any CPU
		{727FDE41-0351-4AFD-8DA9-6281633DE090}.Release|Any CPU.ActiveCfg = Release|Any CPU
		{727FDE41-0351-4AFD-8DA9-6281633DE090}.Release|Any CPU.Build.0 = Release|Any CPU
		{727FDE41-0351-4AFD-8DA9-6281633DE090}.Release|x64.ActiveCfg = Release|Any CPU
		{727FDE41-0351-4AFD-8DA9-6281633DE090}.Release|x64.Build.0 = Release|Any CPU
		{727FDE41-0351-4AFD-8DA9-6281633DE090}.Release|x86.ActiveCfg = Release|Any CPU
		{727FDE41-0351-4AFD-8DA9-6281633DE090}.Release|x86.Build.0 = Release|Any CPU
		{FB679C0B-8363-4260-98B8-1F91C30533D9}.Debug|Any CPU.ActiveCfg = Debug|Any CPU
		{FB679C0B-8363-4260-98B8-1F91C30533D9}.Debug|Any CPU.Build.0 = Debug|Any CPU
		{FB679C0B-8363-4260-98B8-1F91C30533D9}.Debug|x64.ActiveCfg = Debug|Any CPU
		{FB679C0B-8363-4260-98B8-1F91C30533D9}.Debug|x64.Build.0 = Debug|Any CPU
		{FB679C0B-8363-4260-98B8-1F91C30533D9}.Debug|x86.ActiveCfg = Debug|Any CPU
		{FB679C0B-8363-4260-98B8-1F91C30533D9}.Debug|x86.Build.0 = Debug|Any CPU
		{FB679C0B-8363-4260-98B8-1F91C30533D9}.Release|Any CPU.ActiveCfg = Release|Any CPU
		{FB679C0B-8363-4260-98B8-1F91C30533D9}.Release|Any CPU.Build.0 = Release|Any CPU
		{FB679C0B-8363-4260-98B8-1F91C30533D9}.Release|x64.ActiveCfg = Release|Any CPU
		{FB679C0B-8363-4260-98B8-1F91C30533D9}.Release|x64.Build.0 = Release|Any CPU
		{FB679C0B-8363-4260-98B8-1F91C30533D9}.Release|x86.ActiveCfg = Release|Any CPU
		{FB679C0B-8363-4260-98B8-1F91C30533D9}.Release|x86.Build.0 = Release|Any CPU
		{70D1B04E-8130-4808-B644-5ACD39C20C52}.Debug|Any CPU.ActiveCfg = Debug|Any CPU
		{70D1B04E-8130-4808-B644-5ACD39C20C52}.Debug|Any CPU.Build.0 = Debug|Any CPU
		{70D1B04E-8130-4808-B644-5ACD39C20C52}.Debug|x64.ActiveCfg = Debug|Any CPU
		{70D1B04E-8130-4808-B644-5ACD39C20C52}.Debug|x64.Build.0 = Debug|Any CPU
		{70D1B04E-8130-4808-B644-5ACD39C20C52}.Debug|x86.ActiveCfg = Debug|Any CPU
		{70D1B04E-8130-4808-B644-5ACD39C20C52}.Debug|x86.Build.0 = Debug|Any CPU
		{70D1B04E-8130-4808-B644-5ACD39C20C52}.Release|Any CPU.ActiveCfg = Release|Any CPU
		{70D1B04E-8130-4808-B644-5ACD39C20C52}.Release|Any CPU.Build.0 = Release|Any CPU
		{70D1B04E-8130-4808-B644-5ACD39C20C52}.Release|x64.ActiveCfg = Release|Any CPU
		{70D1B04E-8130-4808-B644-5ACD39C20C52}.Release|x64.Build.0 = Release|Any CPU
		{70D1B04E-8130-4808-B644-5ACD39C20C52}.Release|x86.ActiveCfg = Release|Any CPU
		{70D1B04E-8130-4808-B644-5ACD39C20C52}.Release|x86.Build.0 = Release|Any CPU
		{B64608D0-25AB-43F8-AB6C-05B624747348}.Debug|Any CPU.ActiveCfg = Debug|Any CPU
		{B64608D0-25AB-43F8-AB6C-05B624747348}.Debug|Any CPU.Build.0 = Debug|Any CPU
		{B64608D0-25AB-43F8-AB6C-05B624747348}.Debug|x64.ActiveCfg = Debug|Any CPU
		{B64608D0-25AB-43F8-AB6C-05B624747348}.Debug|x64.Build.0 = Debug|Any CPU
		{B64608D0-25AB-43F8-AB6C-05B624747348}.Debug|x86.ActiveCfg = Debug|Any CPU
		{B64608D0-25AB-43F8-AB6C-05B624747348}.Debug|x86.Build.0 = Debug|Any CPU
		{B64608D0-25AB-43F8-AB6C-05B624747348}.Release|Any CPU.ActiveCfg = Release|Any CPU
		{B64608D0-25AB-43F8-AB6C-05B624747348}.Release|Any CPU.Build.0 = Release|Any CPU
		{B64608D0-25AB-43F8-AB6C-05B624747348}.Release|x64.ActiveCfg = Release|Any CPU
		{B64608D0-25AB-43F8-AB6C-05B624747348}.Release|x64.Build.0 = Release|Any CPU
		{B64608D0-25AB-43F8-AB6C-05B624747348}.Release|x86.ActiveCfg = Release|Any CPU
		{B64608D0-25AB-43F8-AB6C-05B624747348}.Release|x86.Build.0 = Release|Any CPU
		{055DC2E1-B6F2-4D83-9976-8FA7747E371F}.Debug|Any CPU.ActiveCfg = Debug|Any CPU
		{055DC2E1-B6F2-4D83-9976-8FA7747E371F}.Debug|Any CPU.Build.0 = Debug|Any CPU
		{055DC2E1-B6F2-4D83-9976-8FA7747E371F}.Debug|x64.ActiveCfg = Debug|Any CPU
		{055DC2E1-B6F2-4D83-9976-8FA7747E371F}.Debug|x64.Build.0 = Debug|Any CPU
		{055DC2E1-B6F2-4D83-9976-8FA7747E371F}.Debug|x86.ActiveCfg = Debug|Any CPU
		{055DC2E1-B6F2-4D83-9976-8FA7747E371F}.Debug|x86.Build.0 = Debug|Any CPU
		{055DC2E1-B6F2-4D83-9976-8FA7747E371F}.Release|Any CPU.ActiveCfg = Release|Any CPU
		{055DC2E1-B6F2-4D83-9976-8FA7747E371F}.Release|Any CPU.Build.0 = Release|Any CPU
		{055DC2E1-B6F2-4D83-9976-8FA7747E371F}.Release|x64.ActiveCfg = Release|Any CPU
		{055DC2E1-B6F2-4D83-9976-8FA7747E371F}.Release|x64.Build.0 = Release|Any CPU
		{055DC2E1-B6F2-4D83-9976-8FA7747E371F}.Release|x86.ActiveCfg = Release|Any CPU
		{055DC2E1-B6F2-4D83-9976-8FA7747E371F}.Release|x86.Build.0 = Release|Any CPU
		{24759ADA-7F5B-4F63-8F7C-300583AF8493}.Debug|Any CPU.ActiveCfg = Debug|Any CPU
		{24759ADA-7F5B-4F63-8F7C-300583AF8493}.Debug|Any CPU.Build.0 = Debug|Any CPU
		{24759ADA-7F5B-4F63-8F7C-300583AF8493}.Debug|x64.ActiveCfg = Debug|Any CPU
		{24759ADA-7F5B-4F63-8F7C-300583AF8493}.Debug|x64.Build.0 = Debug|Any CPU
		{24759ADA-7F5B-4F63-8F7C-300583AF8493}.Debug|x86.ActiveCfg = Debug|Any CPU
		{24759ADA-7F5B-4F63-8F7C-300583AF8493}.Debug|x86.Build.0 = Debug|Any CPU
		{24759ADA-7F5B-4F63-8F7C-300583AF8493}.Release|Any CPU.ActiveCfg = Release|Any CPU
		{24759ADA-7F5B-4F63-8F7C-300583AF8493}.Release|Any CPU.Build.0 = Release|Any CPU
		{24759ADA-7F5B-4F63-8F7C-300583AF8493}.Release|x64.ActiveCfg = Release|Any CPU
		{24759ADA-7F5B-4F63-8F7C-300583AF8493}.Release|x64.Build.0 = Release|Any CPU
		{24759ADA-7F5B-4F63-8F7C-300583AF8493}.Release|x86.ActiveCfg = Release|Any CPU
		{24759ADA-7F5B-4F63-8F7C-300583AF8493}.Release|x86.Build.0 = Release|Any CPU
		{13012883-F184-44F6-A2D8-E8355EA73597}.Debug|Any CPU.ActiveCfg = Debug|Any CPU
		{13012883-F184-44F6-A2D8-E8355EA73597}.Debug|Any CPU.Build.0 = Debug|Any CPU
		{13012883-F184-44F6-A2D8-E8355EA73597}.Debug|x64.ActiveCfg = Debug|Any CPU
		{13012883-F184-44F6-A2D8-E8355EA73597}.Debug|x64.Build.0 = Debug|Any CPU
		{13012883-F184-44F6-A2D8-E8355EA73597}.Debug|x86.ActiveCfg = Debug|Any CPU
		{13012883-F184-44F6-A2D8-E8355EA73597}.Debug|x86.Build.0 = Debug|Any CPU
		{13012883-F184-44F6-A2D8-E8355EA73597}.Release|Any CPU.ActiveCfg = Release|Any CPU
		{13012883-F184-44F6-A2D8-E8355EA73597}.Release|Any CPU.Build.0 = Release|Any CPU
		{13012883-F184-44F6-A2D8-E8355EA73597}.Release|x64.ActiveCfg = Release|Any CPU
		{13012883-F184-44F6-A2D8-E8355EA73597}.Release|x64.Build.0 = Release|Any CPU
		{13012883-F184-44F6-A2D8-E8355EA73597}.Release|x86.ActiveCfg = Release|Any CPU
		{13012883-F184-44F6-A2D8-E8355EA73597}.Release|x86.Build.0 = Release|Any CPU
		{DD0B72D0-8511-4937-8EC6-61749BF9FB79}.Debug|Any CPU.ActiveCfg = Debug|Any CPU
		{DD0B72D0-8511-4937-8EC6-61749BF9FB79}.Debug|Any CPU.Build.0 = Debug|Any CPU
		{DD0B72D0-8511-4937-8EC6-61749BF9FB79}.Debug|x64.ActiveCfg = Debug|Any CPU
		{DD0B72D0-8511-4937-8EC6-61749BF9FB79}.Debug|x64.Build.0 = Debug|Any CPU
		{DD0B72D0-8511-4937-8EC6-61749BF9FB79}.Debug|x86.ActiveCfg = Debug|Any CPU
		{DD0B72D0-8511-4937-8EC6-61749BF9FB79}.Debug|x86.Build.0 = Debug|Any CPU
		{DD0B72D0-8511-4937-8EC6-61749BF9FB79}.Release|Any CPU.ActiveCfg = Release|Any CPU
		{DD0B72D0-8511-4937-8EC6-61749BF9FB79}.Release|Any CPU.Build.0 = Release|Any CPU
		{DD0B72D0-8511-4937-8EC6-61749BF9FB79}.Release|x64.ActiveCfg = Release|Any CPU
		{DD0B72D0-8511-4937-8EC6-61749BF9FB79}.Release|x64.Build.0 = Release|Any CPU
		{DD0B72D0-8511-4937-8EC6-61749BF9FB79}.Release|x86.ActiveCfg = Release|Any CPU
		{DD0B72D0-8511-4937-8EC6-61749BF9FB79}.Release|x86.Build.0 = Release|Any CPU
		{1EADB7CD-13D1-4A3D-8F6B-BBDAA8D21BDF}.Debug|Any CPU.ActiveCfg = Debug|Any CPU
		{1EADB7CD-13D1-4A3D-8F6B-BBDAA8D21BDF}.Debug|Any CPU.Build.0 = Debug|Any CPU
		{1EADB7CD-13D1-4A3D-8F6B-BBDAA8D21BDF}.Debug|x64.ActiveCfg = Debug|Any CPU
		{1EADB7CD-13D1-4A3D-8F6B-BBDAA8D21BDF}.Debug|x64.Build.0 = Debug|Any CPU
		{1EADB7CD-13D1-4A3D-8F6B-BBDAA8D21BDF}.Debug|x86.ActiveCfg = Debug|Any CPU
		{1EADB7CD-13D1-4A3D-8F6B-BBDAA8D21BDF}.Debug|x86.Build.0 = Debug|Any CPU
		{1EADB7CD-13D1-4A3D-8F6B-BBDAA8D21BDF}.Release|Any CPU.ActiveCfg = Release|Any CPU
		{1EADB7CD-13D1-4A3D-8F6B-BBDAA8D21BDF}.Release|Any CPU.Build.0 = Release|Any CPU
		{1EADB7CD-13D1-4A3D-8F6B-BBDAA8D21BDF}.Release|x64.ActiveCfg = Release|Any CPU
		{1EADB7CD-13D1-4A3D-8F6B-BBDAA8D21BDF}.Release|x64.Build.0 = Release|Any CPU
		{1EADB7CD-13D1-4A3D-8F6B-BBDAA8D21BDF}.Release|x86.ActiveCfg = Release|Any CPU
		{1EADB7CD-13D1-4A3D-8F6B-BBDAA8D21BDF}.Release|x86.Build.0 = Release|Any CPU
		{676B2FE2-4AFE-4D93-8E7D-34FF166A5E28}.Debug|Any CPU.ActiveCfg = Debug|Any CPU
		{676B2FE2-4AFE-4D93-8E7D-34FF166A5E28}.Debug|Any CPU.Build.0 = Debug|Any CPU
		{676B2FE2-4AFE-4D93-8E7D-34FF166A5E28}.Debug|x64.ActiveCfg = Debug|Any CPU
		{676B2FE2-4AFE-4D93-8E7D-34FF166A5E28}.Debug|x64.Build.0 = Debug|Any CPU
		{676B2FE2-4AFE-4D93-8E7D-34FF166A5E28}.Debug|x86.ActiveCfg = Debug|Any CPU
		{676B2FE2-4AFE-4D93-8E7D-34FF166A5E28}.Debug|x86.Build.0 = Debug|Any CPU
		{676B2FE2-4AFE-4D93-8E7D-34FF166A5E28}.Release|Any CPU.ActiveCfg = Release|Any CPU
		{676B2FE2-4AFE-4D93-8E7D-34FF166A5E28}.Release|Any CPU.Build.0 = Release|Any CPU
		{676B2FE2-4AFE-4D93-8E7D-34FF166A5E28}.Release|x64.ActiveCfg = Release|Any CPU
		{676B2FE2-4AFE-4D93-8E7D-34FF166A5E28}.Release|x64.Build.0 = Release|Any CPU
		{676B2FE2-4AFE-4D93-8E7D-34FF166A5E28}.Release|x86.ActiveCfg = Release|Any CPU
		{676B2FE2-4AFE-4D93-8E7D-34FF166A5E28}.Release|x86.Build.0 = Release|Any CPU
		{F275554E-9125-4DE4-BF81-4A9A74194170}.Debug|Any CPU.ActiveCfg = Debug|Any CPU
		{F275554E-9125-4DE4-BF81-4A9A74194170}.Debug|Any CPU.Build.0 = Debug|Any CPU
		{F275554E-9125-4DE4-BF81-4A9A74194170}.Debug|x64.ActiveCfg = Debug|Any CPU
		{F275554E-9125-4DE4-BF81-4A9A74194170}.Debug|x64.Build.0 = Debug|Any CPU
		{F275554E-9125-4DE4-BF81-4A9A74194170}.Debug|x86.ActiveCfg = Debug|Any CPU
		{F275554E-9125-4DE4-BF81-4A9A74194170}.Debug|x86.Build.0 = Debug|Any CPU
		{F275554E-9125-4DE4-BF81-4A9A74194170}.Release|Any CPU.ActiveCfg = Release|Any CPU
		{F275554E-9125-4DE4-BF81-4A9A74194170}.Release|Any CPU.Build.0 = Release|Any CPU
		{F275554E-9125-4DE4-BF81-4A9A74194170}.Release|x64.ActiveCfg = Release|Any CPU
		{F275554E-9125-4DE4-BF81-4A9A74194170}.Release|x64.Build.0 = Release|Any CPU
		{F275554E-9125-4DE4-BF81-4A9A74194170}.Release|x86.ActiveCfg = Release|Any CPU
		{F275554E-9125-4DE4-BF81-4A9A74194170}.Release|x86.Build.0 = Release|Any CPU
		{21ED35A8-1B66-4CBD-B777-C8B29C7D23C5}.Debug|Any CPU.ActiveCfg = Debug|Any CPU
		{21ED35A8-1B66-4CBD-B777-C8B29C7D23C5}.Debug|Any CPU.Build.0 = Debug|Any CPU
		{21ED35A8-1B66-4CBD-B777-C8B29C7D23C5}.Debug|x64.ActiveCfg = Debug|Any CPU
		{21ED35A8-1B66-4CBD-B777-C8B29C7D23C5}.Debug|x64.Build.0 = Debug|Any CPU
		{21ED35A8-1B66-4CBD-B777-C8B29C7D23C5}.Debug|x86.ActiveCfg = Debug|Any CPU
		{21ED35A8-1B66-4CBD-B777-C8B29C7D23C5}.Debug|x86.Build.0 = Debug|Any CPU
		{21ED35A8-1B66-4CBD-B777-C8B29C7D23C5}.Release|Any CPU.ActiveCfg = Release|Any CPU
		{21ED35A8-1B66-4CBD-B777-C8B29C7D23C5}.Release|Any CPU.Build.0 = Release|Any CPU
		{21ED35A8-1B66-4CBD-B777-C8B29C7D23C5}.Release|x64.ActiveCfg = Release|Any CPU
		{21ED35A8-1B66-4CBD-B777-C8B29C7D23C5}.Release|x64.Build.0 = Release|Any CPU
		{21ED35A8-1B66-4CBD-B777-C8B29C7D23C5}.Release|x86.ActiveCfg = Release|Any CPU
		{21ED35A8-1B66-4CBD-B777-C8B29C7D23C5}.Release|x86.Build.0 = Release|Any CPU
		{4F88776F-570B-4C78-A5FB-04AE90F0E746}.Debug|Any CPU.ActiveCfg = Debug|Any CPU
		{4F88776F-570B-4C78-A5FB-04AE90F0E746}.Debug|Any CPU.Build.0 = Debug|Any CPU
		{4F88776F-570B-4C78-A5FB-04AE90F0E746}.Debug|x64.ActiveCfg = Debug|Any CPU
		{4F88776F-570B-4C78-A5FB-04AE90F0E746}.Debug|x64.Build.0 = Debug|Any CPU
		{4F88776F-570B-4C78-A5FB-04AE90F0E746}.Debug|x86.ActiveCfg = Debug|Any CPU
		{4F88776F-570B-4C78-A5FB-04AE90F0E746}.Debug|x86.Build.0 = Debug|Any CPU
		{4F88776F-570B-4C78-A5FB-04AE90F0E746}.Release|Any CPU.ActiveCfg = Release|Any CPU
		{4F88776F-570B-4C78-A5FB-04AE90F0E746}.Release|Any CPU.Build.0 = Release|Any CPU
		{4F88776F-570B-4C78-A5FB-04AE90F0E746}.Release|x64.ActiveCfg = Release|Any CPU
		{4F88776F-570B-4C78-A5FB-04AE90F0E746}.Release|x64.Build.0 = Release|Any CPU
		{4F88776F-570B-4C78-A5FB-04AE90F0E746}.Release|x86.ActiveCfg = Release|Any CPU
		{4F88776F-570B-4C78-A5FB-04AE90F0E746}.Release|x86.Build.0 = Release|Any CPU
		{02D80280-884D-469F-8654-56ECDAB90CF8}.Debug|Any CPU.ActiveCfg = Debug|Any CPU
		{02D80280-884D-469F-8654-56ECDAB90CF8}.Debug|Any CPU.Build.0 = Debug|Any CPU
		{02D80280-884D-469F-8654-56ECDAB90CF8}.Debug|x64.ActiveCfg = Debug|Any CPU
		{02D80280-884D-469F-8654-56ECDAB90CF8}.Debug|x64.Build.0 = Debug|Any CPU
		{02D80280-884D-469F-8654-56ECDAB90CF8}.Debug|x86.ActiveCfg = Debug|Any CPU
		{02D80280-884D-469F-8654-56ECDAB90CF8}.Debug|x86.Build.0 = Debug|Any CPU
		{02D80280-884D-469F-8654-56ECDAB90CF8}.Release|Any CPU.ActiveCfg = Release|Any CPU
		{02D80280-884D-469F-8654-56ECDAB90CF8}.Release|Any CPU.Build.0 = Release|Any CPU
		{02D80280-884D-469F-8654-56ECDAB90CF8}.Release|x64.ActiveCfg = Release|Any CPU
		{02D80280-884D-469F-8654-56ECDAB90CF8}.Release|x64.Build.0 = Release|Any CPU
		{02D80280-884D-469F-8654-56ECDAB90CF8}.Release|x86.ActiveCfg = Release|Any CPU
		{02D80280-884D-469F-8654-56ECDAB90CF8}.Release|x86.Build.0 = Release|Any CPU
		{515B7EC0-48A0-41EE-9054-39FD7F0316E5}.Debug|Any CPU.ActiveCfg = Debug|Any CPU
		{515B7EC0-48A0-41EE-9054-39FD7F0316E5}.Debug|Any CPU.Build.0 = Debug|Any CPU
		{515B7EC0-48A0-41EE-9054-39FD7F0316E5}.Debug|x64.ActiveCfg = Debug|Any CPU
		{515B7EC0-48A0-41EE-9054-39FD7F0316E5}.Debug|x64.Build.0 = Debug|Any CPU
		{515B7EC0-48A0-41EE-9054-39FD7F0316E5}.Debug|x86.ActiveCfg = Debug|Any CPU
		{515B7EC0-48A0-41EE-9054-39FD7F0316E5}.Debug|x86.Build.0 = Debug|Any CPU
		{515B7EC0-48A0-41EE-9054-39FD7F0316E5}.Release|Any CPU.ActiveCfg = Release|Any CPU
		{515B7EC0-48A0-41EE-9054-39FD7F0316E5}.Release|Any CPU.Build.0 = Release|Any CPU
		{515B7EC0-48A0-41EE-9054-39FD7F0316E5}.Release|x64.ActiveCfg = Release|Any CPU
		{515B7EC0-48A0-41EE-9054-39FD7F0316E5}.Release|x64.Build.0 = Release|Any CPU
		{515B7EC0-48A0-41EE-9054-39FD7F0316E5}.Release|x86.ActiveCfg = Release|Any CPU
		{515B7EC0-48A0-41EE-9054-39FD7F0316E5}.Release|x86.Build.0 = Release|Any CPU
		{A4CD99EC-3514-4701-82DA-12E87587CDD8}.Debug|Any CPU.ActiveCfg = Debug|Any CPU
		{A4CD99EC-3514-4701-82DA-12E87587CDD8}.Debug|Any CPU.Build.0 = Debug|Any CPU
		{A4CD99EC-3514-4701-82DA-12E87587CDD8}.Debug|x64.ActiveCfg = Debug|Any CPU
		{A4CD99EC-3514-4701-82DA-12E87587CDD8}.Debug|x64.Build.0 = Debug|Any CPU
		{A4CD99EC-3514-4701-82DA-12E87587CDD8}.Debug|x86.ActiveCfg = Debug|Any CPU
		{A4CD99EC-3514-4701-82DA-12E87587CDD8}.Debug|x86.Build.0 = Debug|Any CPU
		{A4CD99EC-3514-4701-82DA-12E87587CDD8}.Release|Any CPU.ActiveCfg = Release|Any CPU
		{A4CD99EC-3514-4701-82DA-12E87587CDD8}.Release|Any CPU.Build.0 = Release|Any CPU
		{A4CD99EC-3514-4701-82DA-12E87587CDD8}.Release|x64.ActiveCfg = Release|Any CPU
		{A4CD99EC-3514-4701-82DA-12E87587CDD8}.Release|x64.Build.0 = Release|Any CPU
		{A4CD99EC-3514-4701-82DA-12E87587CDD8}.Release|x86.ActiveCfg = Release|Any CPU
		{A4CD99EC-3514-4701-82DA-12E87587CDD8}.Release|x86.Build.0 = Release|Any CPU
		{C698F33B-A913-42D6-BFE8-19F68DCC6C5E}.Debug|Any CPU.ActiveCfg = Debug|Any CPU
		{C698F33B-A913-42D6-BFE8-19F68DCC6C5E}.Debug|Any CPU.Build.0 = Debug|Any CPU
		{C698F33B-A913-42D6-BFE8-19F68DCC6C5E}.Debug|x64.ActiveCfg = Debug|Any CPU
		{C698F33B-A913-42D6-BFE8-19F68DCC6C5E}.Debug|x64.Build.0 = Debug|Any CPU
		{C698F33B-A913-42D6-BFE8-19F68DCC6C5E}.Debug|x86.ActiveCfg = Debug|Any CPU
		{C698F33B-A913-42D6-BFE8-19F68DCC6C5E}.Debug|x86.Build.0 = Debug|Any CPU
		{C698F33B-A913-42D6-BFE8-19F68DCC6C5E}.Release|Any CPU.ActiveCfg = Release|Any CPU
		{C698F33B-A913-42D6-BFE8-19F68DCC6C5E}.Release|Any CPU.Build.0 = Release|Any CPU
		{C698F33B-A913-42D6-BFE8-19F68DCC6C5E}.Release|x64.ActiveCfg = Release|Any CPU
		{C698F33B-A913-42D6-BFE8-19F68DCC6C5E}.Release|x64.Build.0 = Release|Any CPU
		{C698F33B-A913-42D6-BFE8-19F68DCC6C5E}.Release|x86.ActiveCfg = Release|Any CPU
		{C698F33B-A913-42D6-BFE8-19F68DCC6C5E}.Release|x86.Build.0 = Release|Any CPU
		{603FBABC-CE94-4B59-9794-EBBFB6BCFC54}.Debug|Any CPU.ActiveCfg = Debug|Any CPU
		{603FBABC-CE94-4B59-9794-EBBFB6BCFC54}.Debug|Any CPU.Build.0 = Debug|Any CPU
		{603FBABC-CE94-4B59-9794-EBBFB6BCFC54}.Debug|x64.ActiveCfg = Debug|Any CPU
		{603FBABC-CE94-4B59-9794-EBBFB6BCFC54}.Debug|x64.Build.0 = Debug|Any CPU
		{603FBABC-CE94-4B59-9794-EBBFB6BCFC54}.Debug|x86.ActiveCfg = Debug|Any CPU
		{603FBABC-CE94-4B59-9794-EBBFB6BCFC54}.Debug|x86.Build.0 = Debug|Any CPU
		{603FBABC-CE94-4B59-9794-EBBFB6BCFC54}.Release|Any CPU.ActiveCfg = Release|Any CPU
		{603FBABC-CE94-4B59-9794-EBBFB6BCFC54}.Release|Any CPU.Build.0 = Release|Any CPU
		{603FBABC-CE94-4B59-9794-EBBFB6BCFC54}.Release|x64.ActiveCfg = Release|Any CPU
		{603FBABC-CE94-4B59-9794-EBBFB6BCFC54}.Release|x64.Build.0 = Release|Any CPU
		{603FBABC-CE94-4B59-9794-EBBFB6BCFC54}.Release|x86.ActiveCfg = Release|Any CPU
		{603FBABC-CE94-4B59-9794-EBBFB6BCFC54}.Release|x86.Build.0 = Release|Any CPU
	EndGlobalSection
	GlobalSection(SolutionProperties) = preSolution
		HideSolutionNode = FALSE
	EndGlobalSection
	GlobalSection(NestedProjects) = preSolution
		{493473B5-5364-4A2A-BEF0-073E571858DB} = {FBEFD340-7BE2-4A7B-BE2C-16638B08C739}
		{BBAB743C-D9D4-4415-A143-83EE82F72F9F} = {FBEFD340-7BE2-4A7B-BE2C-16638B08C739}
		{E74C293B-B709-4514-8289-3341EC70C053} = {FBEFD340-7BE2-4A7B-BE2C-16638B08C739}
		{A4A2BF35-92A0-4B23-8A40-FBF9A7E5BBEF} = {FBEFD340-7BE2-4A7B-BE2C-16638B08C739}
		{C99F41BD-2AEE-4539-9EEE-A71AA5DBC8BD} = {FBEFD340-7BE2-4A7B-BE2C-16638B08C739}
		{75B850CB-E05E-402D-B291-D6CAA8E9F215} = {FBEFD340-7BE2-4A7B-BE2C-16638B08C739}
		{F24185F1-9849-4F4D-8288-D12560B0A03E} = {8A2CF943-5013-405A-98A9-77AEB3F3B643}
		{047EB886-99A6-4F64-8504-D08F854329F6} = {8A2CF943-5013-405A-98A9-77AEB3F3B643}
		{3BBF7140-6C8A-4314-AA50-3FB871A33EB1} = {C774167F-56C7-423D-8D22-267D76EF10C8}
		{E224C25C-D0A6-4F2A-8416-1901FA9A74E7} = {FBEFD340-7BE2-4A7B-BE2C-16638B08C739}
		{805C4A42-264F-45D7-B954-511D4B536F9A} = {9D16D704-B0D2-493D-AECE-B13C3E05AE6F}
		{FBD0F1D5-D77A-46A8-AFBA-F603F1F53335} = {9D16D704-B0D2-493D-AECE-B13C3E05AE6F}
		{0EA48A38-F5C6-444F-A681-D30932F6D761} = {C774167F-56C7-423D-8D22-267D76EF10C8}
		{08B28D75-DCD2-4C96-8D76-6491563C7CEF} = {C774167F-56C7-423D-8D22-267D76EF10C8}
		{F7016678-5AA7-48A1-95AE-7BC6AA6EE088} = {805C4A42-264F-45D7-B954-511D4B536F9A}
		{A6105A3D-4D54-460A-9E6F-445A6AB1F5BE} = {805C4A42-264F-45D7-B954-511D4B536F9A}
		{353CEEC6-D786-42EB-B366-A41C1266F7DE} = {805C4A42-264F-45D7-B954-511D4B536F9A}
		{9B82B649-71E6-4161-B904-D21835EC957C} = {805C4A42-264F-45D7-B954-511D4B536F9A}
		{78B0A735-4341-4389-B97C-2734A0CA2363} = {805C4A42-264F-45D7-B954-511D4B536F9A}
		{E545A1EA-CED0-4666-BA2B-52B67472425E} = {805C4A42-264F-45D7-B954-511D4B536F9A}
		{A1B7265C-1354-4ACB-BA46-F119D894F8C5} = {805C4A42-264F-45D7-B954-511D4B536F9A}
		{9D2014F0-60FC-481E-A111-4A00671CA640} = {805C4A42-264F-45D7-B954-511D4B536F9A}
		{19B059BB-B313-4961-9430-80B7106E3F00} = {FBD0F1D5-D77A-46A8-AFBA-F603F1F53335}
		{D4A268F3-D91A-4896-B63B-C847DB9FDF78} = {FBD0F1D5-D77A-46A8-AFBA-F603F1F53335}
		{2FA4C48F-8DFE-484D-9EA2-70F49D76F4C4} = {FBD0F1D5-D77A-46A8-AFBA-F603F1F53335}
		{6C447D8C-C3A0-4B7A-8540-CACB5B1D022E} = {FBD0F1D5-D77A-46A8-AFBA-F603F1F53335}
		{0C904377-FAB3-46EB-8A8E-5052C2180B08} = {FBD0F1D5-D77A-46A8-AFBA-F603F1F53335}
		{727FDE41-0351-4AFD-8DA9-6281633DE090} = {FBD0F1D5-D77A-46A8-AFBA-F603F1F53335}
		{FB679C0B-8363-4260-98B8-1F91C30533D9} = {FBD0F1D5-D77A-46A8-AFBA-F603F1F53335}
		{70D1B04E-8130-4808-B644-5ACD39C20C52} = {FBD0F1D5-D77A-46A8-AFBA-F603F1F53335}
		{B64608D0-25AB-43F8-AB6C-05B624747348} = {8A2CF943-5013-405A-98A9-77AEB3F3B643}
		{055DC2E1-B6F2-4D83-9976-8FA7747E371F} = {8A2CF943-5013-405A-98A9-77AEB3F3B643}
		{B41C4F19-1669-44B4-B82D-6836B79F354B} = {9D16D704-B0D2-493D-AECE-B13C3E05AE6F}
		{24759ADA-7F5B-4F63-8F7C-300583AF8493} = {B41C4F19-1669-44B4-B82D-6836B79F354B}
		{13012883-F184-44F6-A2D8-E8355EA73597} = {B41C4F19-1669-44B4-B82D-6836B79F354B}
		{DD0B72D0-8511-4937-8EC6-61749BF9FB79} = {B41C4F19-1669-44B4-B82D-6836B79F354B}
		{1EADB7CD-13D1-4A3D-8F6B-BBDAA8D21BDF} = {B41C4F19-1669-44B4-B82D-6836B79F354B}
		{676B2FE2-4AFE-4D93-8E7D-34FF166A5E28} = {B41C4F19-1669-44B4-B82D-6836B79F354B}
		{F275554E-9125-4DE4-BF81-4A9A74194170} = {B41C4F19-1669-44B4-B82D-6836B79F354B}
		{21ED35A8-1B66-4CBD-B777-C8B29C7D23C5} = {FBEFD340-7BE2-4A7B-BE2C-16638B08C739}
		{4F88776F-570B-4C78-A5FB-04AE90F0E746} = {FBEFD340-7BE2-4A7B-BE2C-16638B08C739}
		{02D80280-884D-469F-8654-56ECDAB90CF8} = {FBEFD340-7BE2-4A7B-BE2C-16638B08C739}
		{515B7EC0-48A0-41EE-9054-39FD7F0316E5} = {805C4A42-264F-45D7-B954-511D4B536F9A}
		{A4CD99EC-3514-4701-82DA-12E87587CDD8} = {FBD0F1D5-D77A-46A8-AFBA-F603F1F53335}
		{C698F33B-A913-42D6-BFE8-19F68DCC6C5E} = {C774167F-56C7-423D-8D22-267D76EF10C8}
	EndGlobalSection
	GlobalSection(ExtensibilityGlobals) = postSolution
		SolutionGuid = {3F1FA2C4-B39D-4EF2-9F26-352CC2A59436}
	EndGlobalSection
EndGlobal
